// !$*UTF8*$!
{
	archiveVersion = 1;
	classes = {
	};
	objectVersion = 52;
	objects = {

/* Begin PBXBuildFile section */
		6102741625247927001FFC70 /* LaunchScreen.storyboard in Resources */ = {isa = PBXBuildFile; fileRef = 6102741525247927001FFC70 /* LaunchScreen.storyboard */; };
		6120209225E0DE230071662A /* Creatable.swift in Sources */ = {isa = PBXBuildFile; fileRef = 616178C525D2613500963D09 /* Creatable.swift */; };
		61448637243DC12B00AE54A4 /* AppDelegate.swift in Sources */ = {isa = PBXBuildFile; fileRef = 61448636243DC12B00AE54A4 /* AppDelegate.swift */; };
		614FA59A25DFC55E00260C2E /* Pipable.swift in Sources */ = {isa = PBXBuildFile; fileRef = 614FA59925DFC55E00260C2E /* Pipable.swift */; };
		614FA59B25DFC55E00260C2E /* Pipable.swift in Sources */ = {isa = PBXBuildFile; fileRef = 614FA59925DFC55E00260C2E /* Pipable.swift */; };
		616178C725D2613500963D09 /* Creatable.swift in Sources */ = {isa = PBXBuildFile; fileRef = 616178C525D2613500963D09 /* Creatable.swift */; };
		616178DB25D28F7700963D09 /* HTTPCookie.swift in Sources */ = {isa = PBXBuildFile; fileRef = 616178DA25D28F7700963D09 /* HTTPCookie.swift */; };
		616178DC25D28F7700963D09 /* HTTPCookie.swift in Sources */ = {isa = PBXBuildFile; fileRef = 616178DA25D28F7700963D09 /* HTTPCookie.swift */; };
		616452EB2445ACB90068D64A /* CloudKit.framework in Frameworks */ = {isa = PBXBuildFile; fileRef = 616452EA2445ACB90068D64A /* CloudKit.framework */; };
		6164530E2445B7A50068D64A /* Assets.xcassets in Resources */ = {isa = PBXBuildFile; fileRef = 6164530C2445B7A40068D64A /* Assets.xcassets */; };
		6173097A25DA8F7D00C5EA4B /* CBCharacteristic.swift in Sources */ = {isa = PBXBuildFile; fileRef = 6173097925DA8F7D00C5EA4B /* CBCharacteristic.swift */; };
		619143CE25D103740052FC5E /* Collections_Tests.swift in Sources */ = {isa = PBXBuildFile; fileRef = 619143CD25D103740052FC5E /* Collections_Tests.swift */; };
		6191442225D106150052FC5E /* Pipe+Expectations.swift in Sources */ = {isa = PBXBuildFile; fileRef = 6191440F25D106150052FC5E /* Pipe+Expectations.swift */; };
		6191442325D106150052FC5E /* Pipe+Expectations.swift in Sources */ = {isa = PBXBuildFile; fileRef = 6191440F25D106150052FC5E /* Pipe+Expectations.swift */; };
		6191442625D106150052FC5E /* Source.swift in Sources */ = {isa = PBXBuildFile; fileRef = 6191441225D106150052FC5E /* Source.swift */; };
		6191442725D106150052FC5E /* Source.swift in Sources */ = {isa = PBXBuildFile; fileRef = 6191441225D106150052FC5E /* Source.swift */; };
		6191442825D106150052FC5E /* FromSource.swift in Sources */ = {isa = PBXBuildFile; fileRef = 6191441325D106150052FC5E /* FromSource.swift */; };
		6191442925D106150052FC5E /* FromSource.swift in Sources */ = {isa = PBXBuildFile; fileRef = 6191441325D106150052FC5E /* FromSource.swift */; };
		6191442A25D106150052FC5E /* CBPeripheral.swift in Sources */ = {isa = PBXBuildFile; fileRef = 6191441625D106150052FC5E /* CBPeripheral.swift */; };
		6191442B25D106150052FC5E /* CBPeripheral.swift in Sources */ = {isa = PBXBuildFile; fileRef = 6191441625D106150052FC5E /* CBPeripheral.swift */; };
		6191442C25D106150052FC5E /* CBCentralManager.swift in Sources */ = {isa = PBXBuildFile; fileRef = 6191441725D106150052FC5E /* CBCentralManager.swift */; };
		6191442D25D106150052FC5E /* CBCentralManager.swift in Sources */ = {isa = PBXBuildFile; fileRef = 6191441725D106150052FC5E /* CBCentralManager.swift */; };
		6191442E25D106150052FC5E /* CoreBluetooth.swift in Sources */ = {isa = PBXBuildFile; fileRef = 6191441825D106150052FC5E /* CoreBluetooth.swift */; };
		6191442F25D106150052FC5E /* CoreBluetooth.swift in Sources */ = {isa = PBXBuildFile; fileRef = 6191441825D106150052FC5E /* CoreBluetooth.swift */; };
		6191443025D106150052FC5E /* CoreMotion.swift in Sources */ = {isa = PBXBuildFile; fileRef = 6191441A25D106150052FC5E /* CoreMotion.swift */; };
		6191443125D106150052FC5E /* CoreMotion.swift in Sources */ = {isa = PBXBuildFile; fileRef = 6191441A25D106150052FC5E /* CoreMotion.swift */; };
		6191443225D106150052FC5E /* CoreLocation.swift in Sources */ = {isa = PBXBuildFile; fileRef = 6191441C25D106150052FC5E /* CoreLocation.swift */; };
		6191443325D106150052FC5E /* CoreLocation.swift in Sources */ = {isa = PBXBuildFile; fileRef = 6191441C25D106150052FC5E /* CoreLocation.swift */; };
		6191443425D106150052FC5E /* CLLocationManager.swift in Sources */ = {isa = PBXBuildFile; fileRef = 6191441D25D106150052FC5E /* CLLocationManager.swift */; };
		6191443525D106150052FC5E /* CLLocationManager.swift in Sources */ = {isa = PBXBuildFile; fileRef = 6191441D25D106150052FC5E /* CLLocationManager.swift */; };
		6191443625D106150052FC5E /* Math.swift in Sources */ = {isa = PBXBuildFile; fileRef = 6191441E25D106150052FC5E /* Math.swift */; };
		6191443725D106150052FC5E /* Math.swift in Sources */ = {isa = PBXBuildFile; fileRef = 6191441E25D106150052FC5E /* Math.swift */; };
		6191443825D106150052FC5E /* Collections.swift in Sources */ = {isa = PBXBuildFile; fileRef = 6191441F25D106150052FC5E /* Collections.swift */; };
		6191443925D106150052FC5E /* Collections.swift in Sources */ = {isa = PBXBuildFile; fileRef = 6191441F25D106150052FC5E /* Collections.swift */; };
		6191443A25D106150052FC5E /* CoreGraphics.swift in Sources */ = {isa = PBXBuildFile; fileRef = 6191442025D106150052FC5E /* CoreGraphics.swift */; };
		6191443B25D106150052FC5E /* CoreGraphics.swift in Sources */ = {isa = PBXBuildFile; fileRef = 6191442025D106150052FC5E /* CoreGraphics.swift */; };
		6191443C25D106150052FC5E /* Pipe.swift in Sources */ = {isa = PBXBuildFile; fileRef = 6191442125D106150052FC5E /* Pipe.swift */; };
		6191443D25D106150052FC5E /* Pipe.swift in Sources */ = {isa = PBXBuildFile; fileRef = 6191442125D106150052FC5E /* Pipe.swift */; };
		6191444525D109780052FC5E /* Math_Tests.swift in Sources */ = {isa = PBXBuildFile; fileRef = 6191444425D109780052FC5E /* Math_Tests.swift */; };
		6198637125D50E5D005B2718 /* Pipe+Debug.swift in Sources */ = {isa = PBXBuildFile; fileRef = 6198637025D50E5D005B2718 /* Pipe+Debug.swift */; };
		6198637225D50E5D005B2718 /* Pipe+Debug.swift in Sources */ = {isa = PBXBuildFile; fileRef = 6198637025D50E5D005B2718 /* Pipe+Debug.swift */; };
		61B6D4A225D7EE1400A27F19 /* CoreLocation+Tests.swift in Sources */ = {isa = PBXBuildFile; fileRef = 61B6D4A125D7EE1400A27F19 /* CoreLocation+Tests.swift */; };
		61D0185525AF0CC60055D96E /* MainViewController.swift in Sources */ = {isa = PBXBuildFile; fileRef = 61D0185425AF0CC60055D96E /* MainViewController.swift */; };
		61D0185B25AF0CDB0055D96E /* Main.storyboard in Resources */ = {isa = PBXBuildFile; fileRef = 61D0185A25AF0CDB0055D96E /* Main.storyboard */; };
/* End PBXBuildFile section */

/* Begin PBXContainerItemProxy section */
		6183C52F25598EC100C8BE88 /* PBXContainerItemProxy */ = {
			isa = PBXContainerItemProxy;
			containerPortal = 8E00935623EC12BB003A4BC0 /* Project object */;
			proxyType = 1;
			remoteGlobalIDString = 8E00935D23EC12BB003A4BC0;
			remoteInfo = Run;
		};
/* End PBXContainerItemProxy section */

/* Begin PBXFileReference section */
		6102741525247927001FFC70 /* LaunchScreen.storyboard */ = {isa = PBXFileReference; fileEncoding = 4; lastKnownFileType = file.storyboard; path = LaunchScreen.storyboard; sourceTree = "<group>"; };
		61448634243DC11D00AE54A4 /* Info.plist */ = {isa = PBXFileReference; fileEncoding = 4; lastKnownFileType = text.plist.xml; path = Info.plist; sourceTree = "<group>"; };
		61448636243DC12B00AE54A4 /* AppDelegate.swift */ = {isa = PBXFileReference; fileEncoding = 4; lastKnownFileType = sourcecode.swift; path = AppDelegate.swift; sourceTree = "<group>"; };
		614FA59925DFC55E00260C2E /* Pipable.swift */ = {isa = PBXFileReference; fileEncoding = 4; lastKnownFileType = sourcecode.swift; path = Pipable.swift; sourceTree = "<group>"; };
		6160F6002559A0D8003C2327 /* CoreMotion_Tests.swift */ = {isa = PBXFileReference; lastKnownFileType = sourcecode.swift; path = CoreMotion_Tests.swift; sourceTree = "<group>"; };
		616178C525D2613500963D09 /* Creatable.swift */ = {isa = PBXFileReference; lastKnownFileType = sourcecode.swift; path = Creatable.swift; sourceTree = "<group>"; };
		616178DA25D28F7700963D09 /* HTTPCookie.swift */ = {isa = PBXFileReference; lastKnownFileType = sourcecode.swift; path = HTTPCookie.swift; sourceTree = "<group>"; };
		616452EA2445ACB90068D64A /* CloudKit.framework */ = {isa = PBXFileReference; lastKnownFileType = wrapper.framework; name = CloudKit.framework; path = System/Library/Frameworks/CloudKit.framework; sourceTree = SDKROOT; };
		6164530C2445B7A40068D64A /* Assets.xcassets */ = {isa = PBXFileReference; lastKnownFileType = folder.assetcatalog; path = Assets.xcassets; sourceTree = "<group>"; };
		6173097925DA8F7D00C5EA4B /* CBCharacteristic.swift */ = {isa = PBXFileReference; lastKnownFileType = sourcecode.swift; path = CBCharacteristic.swift; sourceTree = "<group>"; };
		6183C52A25598EC100C8BE88 /* SampleTests.xctest */ = {isa = PBXFileReference; explicitFileType = wrapper.cfbundle; includeInIndex = 0; path = SampleTests.xctest; sourceTree = BUILT_PRODUCTS_DIR; };
		6183C52E25598EC100C8BE88 /* Info.plist */ = {isa = PBXFileReference; lastKnownFileType = text.plist.xml; path = Info.plist; sourceTree = "<group>"; };
		619143CD25D103740052FC5E /* Collections_Tests.swift */ = {isa = PBXFileReference; lastKnownFileType = sourcecode.swift; path = Collections_Tests.swift; sourceTree = "<group>"; };
		6191440F25D106150052FC5E /* Pipe+Expectations.swift */ = {isa = PBXFileReference; fileEncoding = 4; lastKnownFileType = sourcecode.swift; path = "Pipe+Expectations.swift"; sourceTree = "<group>"; };
		6191441225D106150052FC5E /* Source.swift */ = {isa = PBXFileReference; fileEncoding = 4; lastKnownFileType = sourcecode.swift; path = Source.swift; sourceTree = "<group>"; };
		6191441325D106150052FC5E /* FromSource.swift */ = {isa = PBXFileReference; fileEncoding = 4; lastKnownFileType = sourcecode.swift; path = FromSource.swift; sourceTree = "<group>"; };
		6191441625D106150052FC5E /* CBPeripheral.swift */ = {isa = PBXFileReference; fileEncoding = 4; lastKnownFileType = sourcecode.swift; path = CBPeripheral.swift; sourceTree = "<group>"; };
		6191441725D106150052FC5E /* CBCentralManager.swift */ = {isa = PBXFileReference; fileEncoding = 4; lastKnownFileType = sourcecode.swift; path = CBCentralManager.swift; sourceTree = "<group>"; };
		6191441825D106150052FC5E /* CoreBluetooth.swift */ = {isa = PBXFileReference; fileEncoding = 4; lastKnownFileType = sourcecode.swift; path = CoreBluetooth.swift; sourceTree = "<group>"; };
		6191441A25D106150052FC5E /* CoreMotion.swift */ = {isa = PBXFileReference; fileEncoding = 4; lastKnownFileType = sourcecode.swift; path = CoreMotion.swift; sourceTree = "<group>"; };
		6191441C25D106150052FC5E /* CoreLocation.swift */ = {isa = PBXFileReference; fileEncoding = 4; lastKnownFileType = sourcecode.swift; path = CoreLocation.swift; sourceTree = "<group>"; };
		6191441D25D106150052FC5E /* CLLocationManager.swift */ = {isa = PBXFileReference; fileEncoding = 4; lastKnownFileType = sourcecode.swift; path = CLLocationManager.swift; sourceTree = "<group>"; };
		6191441E25D106150052FC5E /* Math.swift */ = {isa = PBXFileReference; fileEncoding = 4; lastKnownFileType = sourcecode.swift; path = Math.swift; sourceTree = "<group>"; };
		6191441F25D106150052FC5E /* Collections.swift */ = {isa = PBXFileReference; fileEncoding = 4; lastKnownFileType = sourcecode.swift; path = Collections.swift; sourceTree = "<group>"; };
		6191442025D106150052FC5E /* CoreGraphics.swift */ = {isa = PBXFileReference; fileEncoding = 4; lastKnownFileType = sourcecode.swift; path = CoreGraphics.swift; sourceTree = "<group>"; };
		6191442125D106150052FC5E /* Pipe.swift */ = {isa = PBXFileReference; fileEncoding = 4; lastKnownFileType = sourcecode.swift; path = Pipe.swift; sourceTree = "<group>"; };
		6191444425D109780052FC5E /* Math_Tests.swift */ = {isa = PBXFileReference; lastKnownFileType = sourcecode.swift; path = Math_Tests.swift; sourceTree = "<group>"; };
		6198637025D50E5D005B2718 /* Pipe+Debug.swift */ = {isa = PBXFileReference; lastKnownFileType = sourcecode.swift; path = "Pipe+Debug.swift"; sourceTree = "<group>"; };
		61B6D4A125D7EE1400A27F19 /* CoreLocation+Tests.swift */ = {isa = PBXFileReference; lastKnownFileType = sourcecode.swift; path = "CoreLocation+Tests.swift"; sourceTree = "<group>"; };
		61D0185425AF0CC60055D96E /* MainViewController.swift */ = {isa = PBXFileReference; lastKnownFileType = sourcecode.swift; path = MainViewController.swift; sourceTree = "<group>"; };
		61D0185A25AF0CDB0055D96E /* Main.storyboard */ = {isa = PBXFileReference; lastKnownFileType = file.storyboard; path = Main.storyboard; sourceTree = "<group>"; };
		61EC570825599C1500A7CB48 /* Sample.xctestplan */ = {isa = PBXFileReference; lastKnownFileType = text; path = Sample.xctestplan; sourceTree = "<group>"; };
		61F325D424AB65CF00A96A2F /* TDJSON.framework */ = {isa = PBXFileReference; lastKnownFileType = wrapper.framework; name = TDJSON.framework; path = Carthage/Build/iOS/TDJSON.framework; sourceTree = "<group>"; };
		61F325D524AB65CF00A96A2F /* TDLib.framework */ = {isa = PBXFileReference; lastKnownFileType = wrapper.framework; name = TDLib.framework; path = Carthage/Build/iOS/TDLib.framework; sourceTree = "<group>"; };
		61F325D624AB65CF00A96A2F /* PromiseKit.framework */ = {isa = PBXFileReference; lastKnownFileType = wrapper.framework; name = PromiseKit.framework; path = Carthage/Build/iOS/PromiseKit.framework; sourceTree = "<group>"; };
		8E00935E23EC12BB003A4BC0 /* Sample.app */ = {isa = PBXFileReference; explicitFileType = wrapper.application; includeInIndex = 0; path = Sample.app; sourceTree = BUILT_PRODUCTS_DIR; };
/* End PBXFileReference section */

/* Begin PBXFrameworksBuildPhase section */
		6183C52725598EC100C8BE88 /* Frameworks */ = {
			isa = PBXFrameworksBuildPhase;
			buildActionMask = 2147483647;
			files = (
			);
			runOnlyForDeploymentPostprocessing = 0;
		};
		8E00935B23EC12BB003A4BC0 /* Frameworks */ = {
			isa = PBXFrameworksBuildPhase;
			buildActionMask = 2147483647;
			files = (
				616452EB2445ACB90068D64A /* CloudKit.framework in Frameworks */,
			);
			runOnlyForDeploymentPostprocessing = 0;
		};
/* End PBXFrameworksBuildPhase section */

/* Begin PBXGroup section */
		61448633243DC11D00AE54A4 /* Main */ = {
			isa = PBXGroup;
			children = (
				61448636243DC12B00AE54A4 /* AppDelegate.swift */,
				61448634243DC11D00AE54A4 /* Info.plist */,
			);
			path = Main;
			sourceTree = "<group>";
		};
		61448638243DC16500AE54A4 /* Library */ = {
			isa = PBXGroup;
			children = (
				61448639243DC16500AE54A4 /* Tools */,
			);
			path = Library;
			sourceTree = "<group>";
		};
		61448639243DC16500AE54A4 /* Tools */ = {
			isa = PBXGroup;
			children = (
				6191440E25D106150052FC5E /* Pipe */,
			);
			path = Tools;
			sourceTree = "<group>";
		};
		616178D925D28F0B00963D09 /* WebKit */ = {
			isa = PBXGroup;
			children = (
				616178DA25D28F7700963D09 /* HTTPCookie.swift */,
			);
			path = WebKit;
			sourceTree = "<group>";
		};
		6164530B2445B7A40068D64A /* Resources */ = {
			isa = PBXGroup;
			children = (
				6164530C2445B7A40068D64A /* Assets.xcassets */,
				6102741525247927001FFC70 /* LaunchScreen.storyboard */,
			);
			path = Resources;
			sourceTree = "<group>";
		};
		61717629244077CC0042520A /* Frameworks */ = {
			isa = PBXGroup;
			children = (
				61F325D624AB65CF00A96A2F /* PromiseKit.framework */,
				61F325D424AB65CF00A96A2F /* TDJSON.framework */,
				61F325D524AB65CF00A96A2F /* TDLib.framework */,
				616452EA2445ACB90068D64A /* CloudKit.framework */,
			);
			name = Frameworks;
			sourceTree = "<group>";
		};
		6183C52B25598EC100C8BE88 /* Tests */ = {
			isa = PBXGroup;
			children = (
				619143CD25D103740052FC5E /* Collections_Tests.swift */,
				6160F6002559A0D8003C2327 /* CoreMotion_Tests.swift */,
				61B6D4A125D7EE1400A27F19 /* CoreLocation+Tests.swift */,
				6191444425D109780052FC5E /* Math_Tests.swift */,
				6183C52E25598EC100C8BE88 /* Info.plist */,
				61EC570825599C1500A7CB48 /* Sample.xctestplan */,
			);
			path = Tests;
			sourceTree = "<group>";
		};
		6191440E25D106150052FC5E /* Pipe */ = {
			isa = PBXGroup;
			children = (
				6191441125D106150052FC5E /* Tools */,
				6191441425D106150052FC5E /* Pipable */,
				6191442125D106150052FC5E /* Pipe.swift */,
				6191440F25D106150052FC5E /* Pipe+Expectations.swift */,
				6198637025D50E5D005B2718 /* Pipe+Debug.swift */,
			);
			path = Pipe;
			sourceTree = "<group>";
		};
		6191441125D106150052FC5E /* Tools */ = {
			isa = PBXGroup;
			children = (
				616178C525D2613500963D09 /* Creatable.swift */,
				6191441325D106150052FC5E /* FromSource.swift */,
				6191441225D106150052FC5E /* Source.swift */,
			);
			path = Tools;
			sourceTree = "<group>";
		};
		6191441425D106150052FC5E /* Pipable */ = {
			isa = PBXGroup;
			children = (
				6191441525D106150052FC5E /* CoreBluetooth */,
				6191441B25D106150052FC5E /* CoreLocation */,
				6191441925D106150052FC5E /* CoreMotion */,
				616178D925D28F0B00963D09 /* WebKit */,
				6191441F25D106150052FC5E /* Collections.swift */,
				6191442025D106150052FC5E /* CoreGraphics.swift */,
				6191441E25D106150052FC5E /* Math.swift */,
				614FA59925DFC55E00260C2E /* Pipable.swift */,
			);
			path = Pipable;
			sourceTree = "<group>";
		};
		6191441525D106150052FC5E /* CoreBluetooth */ = {
			isa = PBXGroup;
			children = (
				6191441725D106150052FC5E /* CBCentralManager.swift */,
				6173097925DA8F7D00C5EA4B /* CBCharacteristic.swift */,
				6191441625D106150052FC5E /* CBPeripheral.swift */,
				6191441825D106150052FC5E /* CoreBluetooth.swift */,
			);
			path = CoreBluetooth;
			sourceTree = "<group>";
		};
		6191441925D106150052FC5E /* CoreMotion */ = {
			isa = PBXGroup;
			children = (
				6191441A25D106150052FC5E /* CoreMotion.swift */,
			);
			path = CoreMotion;
			sourceTree = "<group>";
		};
		6191441B25D106150052FC5E /* CoreLocation */ = {
			isa = PBXGroup;
			children = (
				6191441D25D106150052FC5E /* CLLocationManager.swift */,
				6191441C25D106150052FC5E /* CoreLocation.swift */,
			);
			path = CoreLocation;
			sourceTree = "<group>";
		};
		61D0184F25AF0C2D0055D96E /* Flows */ = {
			isa = PBXGroup;
			children = (
				61D0185425AF0CC60055D96E /* MainViewController.swift */,
				61D0185A25AF0CDB0055D96E /* Main.storyboard */,
			);
			path = Flows;
			sourceTree = "<group>";
		};
		8E00935523EC12BB003A4BC0 = {
			isa = PBXGroup;
			children = (
				8E00936023EC12BB003A4BC0 /* App */,
				6183C52B25598EC100C8BE88 /* Tests */,
				8E00935F23EC12BB003A4BC0 /* Products */,
				61717629244077CC0042520A /* Frameworks */,
			);
			sourceTree = "<group>";
		};
		8E00935F23EC12BB003A4BC0 /* Products */ = {
			isa = PBXGroup;
			children = (
				8E00935E23EC12BB003A4BC0 /* Sample.app */,
				6183C52A25598EC100C8BE88 /* SampleTests.xctest */,
			);
			name = Products;
			sourceTree = "<group>";
		};
		8E00936023EC12BB003A4BC0 /* App */ = {
			isa = PBXGroup;
			children = (
				61D0184F25AF0C2D0055D96E /* Flows */,
				61448638243DC16500AE54A4 /* Library */,
				61448633243DC11D00AE54A4 /* Main */,
				6164530B2445B7A40068D64A /* Resources */,
			);
			path = App;
			sourceTree = "<group>";
		};
/* End PBXGroup section */

/* Begin PBXNativeTarget section */
		6183C52925598EC100C8BE88 /* SampleTests */ = {
			isa = PBXNativeTarget;
			buildConfigurationList = 6183C53525598EC100C8BE88 /* Build configuration list for PBXNativeTarget "SampleTests" */;
			buildPhases = (
				6183C52625598EC100C8BE88 /* Sources */,
				6183C52725598EC100C8BE88 /* Frameworks */,
				6183C52825598EC100C8BE88 /* Resources */,
			);
			buildRules = (
			);
			dependencies = (
				6183C53025598EC100C8BE88 /* PBXTargetDependency */,
			);
			name = SampleTests;
			productName = RunTests;
			productReference = 6183C52A25598EC100C8BE88 /* SampleTests.xctest */;
			productType = "com.apple.product-type.bundle.unit-test";
		};
		8E00935D23EC12BB003A4BC0 /* Sample */ = {
			isa = PBXNativeTarget;
			buildConfigurationList = 8E00937223EC12BE003A4BC0 /* Build configuration list for PBXNativeTarget "Sample" */;
			buildPhases = (
				8E00935A23EC12BB003A4BC0 /* Sources */,
				8E00935B23EC12BB003A4BC0 /* Frameworks */,
				8E00935C23EC12BB003A4BC0 /* Resources */,
				616452E82445AB5A0068D64A /* Bump */,
			);
			buildRules = (
			);
			dependencies = (
			);
			name = Sample;
			productName = Music;
			productReference = 8E00935E23EC12BB003A4BC0 /* Sample.app */;
			productType = "com.apple.product-type.application";
		};
/* End PBXNativeTarget section */

/* Begin PBXProject section */
		8E00935623EC12BB003A4BC0 /* Project object */ = {
			isa = PBXProject;
			attributes = {
				LastSwiftUpdateCheck = 1200;
				LastUpgradeCheck = 1200;
				ORGANIZATIONNAME = "El Machine";
				TargetAttributes = {
					6183C52925598EC100C8BE88 = {
						CreatedOnToolsVersion = 12.0;
						LastSwiftMigration = 1240;
						TestTargetID = 8E00935D23EC12BB003A4BC0;
					};
					8E00935D23EC12BB003A4BC0 = {
						CreatedOnToolsVersion = 11.3.1;
						LastSwiftMigration = 1230;
					};
				};
			};
			buildConfigurationList = 8E00935923EC12BB003A4BC0 /* Build configuration list for PBXProject "Sample" */;
			compatibilityVersion = "Xcode 11.0";
			developmentRegion = en;
			hasScannedForEncodings = 0;
			knownRegions = (
				en,
				Base,
				ru,
			);
			mainGroup = 8E00935523EC12BB003A4BC0;
			productRefGroup = 8E00935F23EC12BB003A4BC0 /* Products */;
			projectDirPath = "";
			projectRoot = "";
			targets = (
				8E00935D23EC12BB003A4BC0 /* Sample */,
				6183C52925598EC100C8BE88 /* SampleTests */,
			);
		};
/* End PBXProject section */

/* Begin PBXResourcesBuildPhase section */
		6183C52825598EC100C8BE88 /* Resources */ = {
			isa = PBXResourcesBuildPhase;
			buildActionMask = 2147483647;
			files = (
			);
			runOnlyForDeploymentPostprocessing = 0;
		};
		8E00935C23EC12BB003A4BC0 /* Resources */ = {
			isa = PBXResourcesBuildPhase;
			buildActionMask = 2147483647;
			files = (
				6164530E2445B7A50068D64A /* Assets.xcassets in Resources */,
				6102741625247927001FFC70 /* LaunchScreen.storyboard in Resources */,
				61D0185B25AF0CDB0055D96E /* Main.storyboard in Resources */,
			);
			runOnlyForDeploymentPostprocessing = 0;
		};
/* End PBXResourcesBuildPhase section */

/* Begin PBXShellScriptBuildPhase section */
		616452E82445AB5A0068D64A /* Bump */ = {
			isa = PBXShellScriptBuildPhase;
			buildActionMask = 2147483647;
			files = (
			);
			inputFileListPaths = (
			);
			inputPaths = (
			);
			name = Bump;
			outputFileListPaths = (
			);
			outputPaths = (
			);
			runOnlyForDeploymentPostprocessing = 0;
			shellPath = /bin/sh;
			shellScript = "buildNumber=$(/usr/libexec/PlistBuddy -c \"Print CFBundleVersion\" \"${INFOPLIST_FILE}\")\nbuildNumber=$(($buildNumber + 1))\n/usr/libexec/PlistBuddy -c \"Set :CFBundleVersion $buildNumber\" \"${INFOPLIST_FILE}\"\n";
		};
/* End PBXShellScriptBuildPhase section */

/* Begin PBXSourcesBuildPhase section */
		6183C52625598EC100C8BE88 /* Sources */ = {
			isa = PBXSourcesBuildPhase;
			buildActionMask = 2147483647;
			files = (
				6191442D25D106150052FC5E /* CBCentralManager.swift in Sources */,
				6191442F25D106150052FC5E /* CoreBluetooth.swift in Sources */,
				6191443325D106150052FC5E /* CoreLocation.swift in Sources */,
				6191443D25D106150052FC5E /* Pipe.swift in Sources */,
				6191443925D106150052FC5E /* Collections.swift in Sources */,
				6191443525D106150052FC5E /* CLLocationManager.swift in Sources */,
				6191442325D106150052FC5E /* Pipe+Expectations.swift in Sources */,
				616178DC25D28F7700963D09 /* HTTPCookie.swift in Sources */,
				61B6D4A225D7EE1400A27F19 /* CoreLocation+Tests.swift in Sources */,
				6191443725D106150052FC5E /* Math.swift in Sources */,
				6191442B25D106150052FC5E /* CBPeripheral.swift in Sources */,
				614FA59B25DFC55E00260C2E /* Pipable.swift in Sources */,
				619143CE25D103740052FC5E /* Collections_Tests.swift in Sources */,
				6191442925D106150052FC5E /* FromSource.swift in Sources */,
				616178C725D2613500963D09 /* Creatable.swift in Sources */,
				6198637225D50E5D005B2718 /* Pipe+Debug.swift in Sources */,
				6191442725D106150052FC5E /* Source.swift in Sources */,
				6191443B25D106150052FC5E /* CoreGraphics.swift in Sources */,
				6191444525D109780052FC5E /* Math_Tests.swift in Sources */,
				6191443125D106150052FC5E /* CoreMotion.swift in Sources */,
			);
			runOnlyForDeploymentPostprocessing = 0;
		};
		8E00935A23EC12BB003A4BC0 /* Sources */ = {
			isa = PBXSourcesBuildPhase;
			buildActionMask = 2147483647;
			files = (
				6191443625D106150052FC5E /* Math.swift in Sources */,
				6191443825D106150052FC5E /* Collections.swift in Sources */,
				6191442A25D106150052FC5E /* CBPeripheral.swift in Sources */,
				6191443A25D106150052FC5E /* CoreGraphics.swift in Sources */,
				6191442E25D106150052FC5E /* CoreBluetooth.swift in Sources */,
				6191443025D106150052FC5E /* CoreMotion.swift in Sources */,
				6191443C25D106150052FC5E /* Pipe.swift in Sources */,
				616178DB25D28F7700963D09 /* HTTPCookie.swift in Sources */,
				61D0185525AF0CC60055D96E /* MainViewController.swift in Sources */,
				6191442C25D106150052FC5E /* CBCentralManager.swift in Sources */,
				6191443225D106150052FC5E /* CoreLocation.swift in Sources */,
				6120209225E0DE230071662A /* Creatable.swift in Sources */,
				6198637125D50E5D005B2718 /* Pipe+Debug.swift in Sources */,
				6191443425D106150052FC5E /* CLLocationManager.swift in Sources */,
				6173097A25DA8F7D00C5EA4B /* CBCharacteristic.swift in Sources */,
				614FA59A25DFC55E00260C2E /* Pipable.swift in Sources */,
				6191442625D106150052FC5E /* Source.swift in Sources */,
				6191442825D106150052FC5E /* FromSource.swift in Sources */,
				6191442225D106150052FC5E /* Pipe+Expectations.swift in Sources */,
				61448637243DC12B00AE54A4 /* AppDelegate.swift in Sources */,
			);
			runOnlyForDeploymentPostprocessing = 0;
		};
/* End PBXSourcesBuildPhase section */

/* Begin PBXTargetDependency section */
		6183C53025598EC100C8BE88 /* PBXTargetDependency */ = {
			isa = PBXTargetDependency;
			target = 8E00935D23EC12BB003A4BC0 /* Sample */;
			targetProxy = 6183C52F25598EC100C8BE88 /* PBXContainerItemProxy */;
		};
/* End PBXTargetDependency section */

/* Begin XCBuildConfiguration section */
		6183C53125598EC100C8BE88 /* Debug */ = {
			isa = XCBuildConfiguration;
			buildSettings = {
				BUNDLE_LOADER = "$(TEST_HOST)";
				CLANG_ENABLE_MODULES = YES;
				CODE_SIGN_STYLE = Automatic;
				DEVELOPMENT_TEAM = LZSP4Z4B6A;
				INFOPLIST_FILE = Tests/Info.plist;
				LD_RUNPATH_SEARCH_PATHS = (
					"$(inherited)",
					"@executable_path/Frameworks",
					"@loader_path/Frameworks",
				);
				PRODUCT_BUNDLE_IDENTIFIER = "com.el-machine.PipeTests";
				PRODUCT_NAME = "$(TARGET_NAME)";
				SWIFT_OPTIMIZATION_LEVEL = "-Onone";
				SWIFT_VERSION = 5.0;
				TARGETED_DEVICE_FAMILY = "1,2";
				TEST_HOST = "$(BUILT_PRODUCTS_DIR)/Sample.app/Sample";
			};
			name = Debug;
		};
		6183C53225598EC100C8BE88 /* Debug_Dev */ = {
			isa = XCBuildConfiguration;
			buildSettings = {
				BUNDLE_LOADER = "$(TEST_HOST)";
				CLANG_ENABLE_MODULES = YES;
				CODE_SIGN_STYLE = Automatic;
				DEVELOPMENT_TEAM = LZSP4Z4B6A;
				INFOPLIST_FILE = Tests/Info.plist;
				LD_RUNPATH_SEARCH_PATHS = (
					"$(inherited)",
					"@executable_path/Frameworks",
					"@loader_path/Frameworks",
				);
				PRODUCT_BUNDLE_IDENTIFIER = "com.el-machine.PipeTests";
				PRODUCT_NAME = "$(TARGET_NAME)";
				SWIFT_OPTIMIZATION_LEVEL = "-Onone";
				SWIFT_VERSION = 5.0;
				TARGETED_DEVICE_FAMILY = "1,2";
				TEST_HOST = "$(BUILT_PRODUCTS_DIR)/Sample.app/Sample";
			};
			name = Debug_Dev;
		};
		6183C53325598EC100C8BE88 /* Release */ = {
			isa = XCBuildConfiguration;
			buildSettings = {
				BUNDLE_LOADER = "$(TEST_HOST)";
				CLANG_ENABLE_MODULES = YES;
				CODE_SIGN_STYLE = Automatic;
				DEVELOPMENT_TEAM = LZSP4Z4B6A;
				INFOPLIST_FILE = Tests/Info.plist;
				LD_RUNPATH_SEARCH_PATHS = (
					"$(inherited)",
					"@executable_path/Frameworks",
					"@loader_path/Frameworks",
				);
				PRODUCT_BUNDLE_IDENTIFIER = "com.el-machine.PipeTests";
				PRODUCT_NAME = "$(TARGET_NAME)";
				SWIFT_VERSION = 5.0;
				TARGETED_DEVICE_FAMILY = "1,2";
				TEST_HOST = "$(BUILT_PRODUCTS_DIR)/Sample.app/Sample";
			};
			name = Release;
		};
		6183C53425598EC100C8BE88 /* Release_Dev */ = {
			isa = XCBuildConfiguration;
			buildSettings = {
				BUNDLE_LOADER = "$(TEST_HOST)";
				CLANG_ENABLE_MODULES = YES;
				CODE_SIGN_STYLE = Automatic;
				DEVELOPMENT_TEAM = LZSP4Z4B6A;
				INFOPLIST_FILE = Tests/Info.plist;
				LD_RUNPATH_SEARCH_PATHS = (
					"$(inherited)",
					"@executable_path/Frameworks",
					"@loader_path/Frameworks",
				);
				PRODUCT_BUNDLE_IDENTIFIER = "com.el-machine.PipeTests";
				PRODUCT_NAME = "$(TARGET_NAME)";
				SWIFT_VERSION = 5.0;
				TARGETED_DEVICE_FAMILY = "1,2";
				TEST_HOST = "$(BUILT_PRODUCTS_DIR)/Sample.app/Sample";
			};
			name = Release_Dev;
		};
		619D96A2249BBBFC00C53298 /* Release_Dev */ = {
			isa = XCBuildConfiguration;
			buildSettings = {
				ALWAYS_SEARCH_USER_PATHS = NO;
				BUILD_LIBRARY_FOR_DISTRIBUTION = NO;
				CLANG_ANALYZER_LOCALIZABILITY_NONLOCALIZED = YES;
				CLANG_ANALYZER_NONNULL = YES;
				CLANG_ANALYZER_NUMBER_OBJECT_CONVERSION = YES_AGGRESSIVE;
				CLANG_CXX_LANGUAGE_STANDARD = "gnu++14";
				CLANG_CXX_LIBRARY = "libc++";
				CLANG_ENABLE_MODULES = YES;
				CLANG_ENABLE_OBJC_ARC = YES;
				CLANG_ENABLE_OBJC_WEAK = YES;
				CLANG_WARN_BLOCK_CAPTURE_AUTORELEASING = YES;
				CLANG_WARN_BOOL_CONVERSION = YES;
				CLANG_WARN_COMMA = YES;
				CLANG_WARN_CONSTANT_CONVERSION = YES;
				CLANG_WARN_DEPRECATED_OBJC_IMPLEMENTATIONS = YES;
				CLANG_WARN_DIRECT_OBJC_ISA_USAGE = YES_ERROR;
				CLANG_WARN_DOCUMENTATION_COMMENTS = YES;
				CLANG_WARN_EMPTY_BODY = YES;
				CLANG_WARN_ENUM_CONVERSION = YES;
				CLANG_WARN_INFINITE_RECURSION = YES;
				CLANG_WARN_INT_CONVERSION = YES;
				CLANG_WARN_NON_LITERAL_NULL_CONVERSION = YES;
				CLANG_WARN_OBJC_IMPLICIT_RETAIN_SELF = YES;
				CLANG_WARN_OBJC_LITERAL_CONVERSION = YES;
				CLANG_WARN_OBJC_ROOT_CLASS = YES_ERROR;
				CLANG_WARN_QUOTED_INCLUDE_IN_FRAMEWORK_HEADER = YES;
				CLANG_WARN_RANGE_LOOP_ANALYSIS = YES;
				CLANG_WARN_STRICT_PROTOTYPES = YES;
				CLANG_WARN_SUSPICIOUS_MOVE = YES;
				CLANG_WARN_UNGUARDED_AVAILABILITY = YES_AGGRESSIVE;
				CLANG_WARN_UNREACHABLE_CODE = YES;
				CLANG_WARN__DUPLICATE_METHOD_MATCH = YES;
				COPY_PHASE_STRIP = NO;
				DEBUG_INFORMATION_FORMAT = "dwarf-with-dsym";
				ENABLE_NS_ASSERTIONS = NO;
				ENABLE_STRICT_OBJC_MSGSEND = YES;
				GCC_C_LANGUAGE_STANDARD = gnu11;
				GCC_NO_COMMON_BLOCKS = YES;
				GCC_WARN_64_TO_32_BIT_CONVERSION = YES;
				GCC_WARN_ABOUT_RETURN_TYPE = YES_ERROR;
				GCC_WARN_UNDECLARED_SELECTOR = YES;
				GCC_WARN_UNINITIALIZED_AUTOS = YES_AGGRESSIVE;
				GCC_WARN_UNUSED_FUNCTION = YES;
				GCC_WARN_UNUSED_VARIABLE = YES;
				IPHONEOS_DEPLOYMENT_TARGET = 14.0;
				MTL_ENABLE_DEBUG_INFO = NO;
				MTL_FAST_MATH = YES;
				SDKROOT = iphoneos;
				SWIFT_COMPILATION_MODE = wholemodule;
				SWIFT_OPTIMIZATION_LEVEL = "-O";
				VALIDATE_PRODUCT = YES;
			};
			name = Release_Dev;
		};
		619D96A3249BBBFC00C53298 /* Release_Dev */ = {
			isa = XCBuildConfiguration;
			buildSettings = {
				ASSETCATALOG_COMPILER_APPICON_NAME = AppIcon_Dev;
				BUILD_LIBRARY_FOR_DISTRIBUTION = NO;
				CLANG_ENABLE_MODULES = YES;
				CODE_SIGN_IDENTITY = "Apple Development";
				CODE_SIGN_STYLE = Automatic;
				DEVELOPMENT_TEAM = LZSP4Z4B6A;
				FRAMEWORK_SEARCH_PATHS = "$(inherited)";
				HEADER_SEARCH_PATHS = (
					"$(inherited)",
					"\"${PODS_CONFIGURATION_BUILD_DIR}/Cache/Cache.framework/Headers\"",
					"\"${PODS_CONFIGURATION_BUILD_DIR}/ReachabilitySwift/Reachability.framework/Headers\"",
				);
				INFOPLIST_FILE = "${PROJECT_DIR}/App/Main/Info.plist";
				LD_RUNPATH_SEARCH_PATHS = (
					"$(inherited)",
					"@executable_path/Frameworks",
				);
				LIBRARY_SEARCH_PATHS = "";
				MARKETING_VERSION = 2.0;
				PRODUCT_BUNDLE_IDENTIFIER = "com.el-machine.Pipe_dev";
				PRODUCT_NAME = "$(TARGET_NAME)_Dev";
				PROVISIONING_PROFILE_SPECIFIER = "";
				SWIFT_OBJC_BRIDGING_HEADER = "";
				SWIFT_VERSION = 5.0;
				TARGETED_DEVICE_FAMILY = "1,2";
			};
			name = Release_Dev;
		};
		61DF023B24A33DD3003CC3B5 /* Debug_Dev */ = {
			isa = XCBuildConfiguration;
			buildSettings = {
				ALWAYS_SEARCH_USER_PATHS = NO;
				BUILD_LIBRARY_FOR_DISTRIBUTION = NO;
				CLANG_ANALYZER_LOCALIZABILITY_NONLOCALIZED = YES;
				CLANG_ANALYZER_NONNULL = YES;
				CLANG_ANALYZER_NUMBER_OBJECT_CONVERSION = YES_AGGRESSIVE;
				CLANG_CXX_LANGUAGE_STANDARD = "gnu++14";
				CLANG_CXX_LIBRARY = "libc++";
				CLANG_ENABLE_MODULES = YES;
				CLANG_ENABLE_OBJC_ARC = YES;
				CLANG_ENABLE_OBJC_WEAK = YES;
				CLANG_WARN_BLOCK_CAPTURE_AUTORELEASING = YES;
				CLANG_WARN_BOOL_CONVERSION = YES;
				CLANG_WARN_COMMA = YES;
				CLANG_WARN_CONSTANT_CONVERSION = YES;
				CLANG_WARN_DEPRECATED_OBJC_IMPLEMENTATIONS = YES;
				CLANG_WARN_DIRECT_OBJC_ISA_USAGE = YES_ERROR;
				CLANG_WARN_DOCUMENTATION_COMMENTS = YES;
				CLANG_WARN_EMPTY_BODY = YES;
				CLANG_WARN_ENUM_CONVERSION = YES;
				CLANG_WARN_INFINITE_RECURSION = YES;
				CLANG_WARN_INT_CONVERSION = YES;
				CLANG_WARN_NON_LITERAL_NULL_CONVERSION = YES;
				CLANG_WARN_OBJC_IMPLICIT_RETAIN_SELF = YES;
				CLANG_WARN_OBJC_LITERAL_CONVERSION = YES;
				CLANG_WARN_OBJC_ROOT_CLASS = YES_ERROR;
				CLANG_WARN_QUOTED_INCLUDE_IN_FRAMEWORK_HEADER = YES;
				CLANG_WARN_RANGE_LOOP_ANALYSIS = YES;
				CLANG_WARN_STRICT_PROTOTYPES = YES;
				CLANG_WARN_SUSPICIOUS_MOVE = YES;
				CLANG_WARN_UNGUARDED_AVAILABILITY = YES_AGGRESSIVE;
				CLANG_WARN_UNREACHABLE_CODE = YES;
				CLANG_WARN__DUPLICATE_METHOD_MATCH = YES;
				COPY_PHASE_STRIP = NO;
				DEBUG_INFORMATION_FORMAT = dwarf;
				ENABLE_STRICT_OBJC_MSGSEND = YES;
				ENABLE_TESTABILITY = YES;
				GCC_C_LANGUAGE_STANDARD = gnu11;
				GCC_DYNAMIC_NO_PIC = NO;
				GCC_NO_COMMON_BLOCKS = YES;
				GCC_OPTIMIZATION_LEVEL = 0;
				GCC_PREPROCESSOR_DEFINITIONS = (
					"DEBUG=1",
					"$(inherited)",
				);
				GCC_WARN_64_TO_32_BIT_CONVERSION = YES;
				GCC_WARN_ABOUT_RETURN_TYPE = YES_ERROR;
				GCC_WARN_UNDECLARED_SELECTOR = YES;
				GCC_WARN_UNINITIALIZED_AUTOS = YES_AGGRESSIVE;
				GCC_WARN_UNUSED_FUNCTION = YES;
				GCC_WARN_UNUSED_VARIABLE = YES;
				IPHONEOS_DEPLOYMENT_TARGET = 14.0;
				MTL_ENABLE_DEBUG_INFO = INCLUDE_SOURCE;
				MTL_FAST_MATH = YES;
				ONLY_ACTIVE_ARCH = YES;
				SDKROOT = iphoneos;
				SWIFT_ACTIVE_COMPILATION_CONDITIONS = DEBUG;
				SWIFT_OPTIMIZATION_LEVEL = "-Onone";
			};
			name = Debug_Dev;
		};
		61DF023C24A33DD3003CC3B5 /* Debug_Dev */ = {
			isa = XCBuildConfiguration;
			buildSettings = {
				ASSETCATALOG_COMPILER_APPICON_NAME = AppIcon_Dev;
				BUILD_LIBRARY_FOR_DISTRIBUTION = NO;
				CLANG_ENABLE_MODULES = YES;
				CODE_SIGN_STYLE = Automatic;
				DEVELOPMENT_TEAM = LZSP4Z4B6A;
				FRAMEWORK_SEARCH_PATHS = "$(inherited)";
				HEADER_SEARCH_PATHS = (
					"$(inherited)",
					"\"${PODS_CONFIGURATION_BUILD_DIR}/Cache/Cache.framework/Headers\"",
					"\"${PODS_CONFIGURATION_BUILD_DIR}/ReachabilitySwift/Reachability.framework/Headers\"",
				);
				INFOPLIST_FILE = "${PROJECT_DIR}/App/Main/Info.plist";
				LD_RUNPATH_SEARCH_PATHS = (
					"$(inherited)",
					"@executable_path/Frameworks",
				);
				LIBRARY_SEARCH_PATHS = "";
				MARKETING_VERSION = 2.0;
				PRODUCT_BUNDLE_IDENTIFIER = "com.el-machine.Pipe_dev";
				PRODUCT_NAME = "$(TARGET_NAME)_Dev";
				SWIFT_OBJC_BRIDGING_HEADER = "";
				SWIFT_OPTIMIZATION_LEVEL = "-Onone";
				SWIFT_VERSION = 5.0;
				TARGETED_DEVICE_FAMILY = "1,2";
			};
			name = Debug_Dev;
		};
		8E00937023EC12BE003A4BC0 /* Debug */ = {
			isa = XCBuildConfiguration;
			buildSettings = {
				ALWAYS_SEARCH_USER_PATHS = NO;
				BUILD_LIBRARY_FOR_DISTRIBUTION = NO;
				CLANG_ANALYZER_LOCALIZABILITY_NONLOCALIZED = YES;
				CLANG_ANALYZER_NONNULL = YES;
				CLANG_ANALYZER_NUMBER_OBJECT_CONVERSION = YES_AGGRESSIVE;
				CLANG_CXX_LANGUAGE_STANDARD = "gnu++14";
				CLANG_CXX_LIBRARY = "libc++";
				CLANG_ENABLE_MODULES = YES;
				CLANG_ENABLE_OBJC_ARC = YES;
				CLANG_ENABLE_OBJC_WEAK = YES;
				CLANG_WARN_BLOCK_CAPTURE_AUTORELEASING = YES;
				CLANG_WARN_BOOL_CONVERSION = YES;
				CLANG_WARN_COMMA = YES;
				CLANG_WARN_CONSTANT_CONVERSION = YES;
				CLANG_WARN_DEPRECATED_OBJC_IMPLEMENTATIONS = YES;
				CLANG_WARN_DIRECT_OBJC_ISA_USAGE = YES_ERROR;
				CLANG_WARN_DOCUMENTATION_COMMENTS = YES;
				CLANG_WARN_EMPTY_BODY = YES;
				CLANG_WARN_ENUM_CONVERSION = YES;
				CLANG_WARN_INFINITE_RECURSION = YES;
				CLANG_WARN_INT_CONVERSION = YES;
				CLANG_WARN_NON_LITERAL_NULL_CONVERSION = YES;
				CLANG_WARN_OBJC_IMPLICIT_RETAIN_SELF = YES;
				CLANG_WARN_OBJC_LITERAL_CONVERSION = YES;
				CLANG_WARN_OBJC_ROOT_CLASS = YES_ERROR;
				CLANG_WARN_QUOTED_INCLUDE_IN_FRAMEWORK_HEADER = YES;
				CLANG_WARN_RANGE_LOOP_ANALYSIS = YES;
				CLANG_WARN_STRICT_PROTOTYPES = YES;
				CLANG_WARN_SUSPICIOUS_MOVE = YES;
				CLANG_WARN_UNGUARDED_AVAILABILITY = YES_AGGRESSIVE;
				CLANG_WARN_UNREACHABLE_CODE = YES;
				CLANG_WARN__DUPLICATE_METHOD_MATCH = YES;
				COPY_PHASE_STRIP = NO;
				DEBUG_INFORMATION_FORMAT = dwarf;
				ENABLE_STRICT_OBJC_MSGSEND = YES;
				ENABLE_TESTABILITY = YES;
				GCC_C_LANGUAGE_STANDARD = gnu11;
				GCC_DYNAMIC_NO_PIC = NO;
				GCC_NO_COMMON_BLOCKS = YES;
				GCC_OPTIMIZATION_LEVEL = 0;
				GCC_PREPROCESSOR_DEFINITIONS = (
					"DEBUG=1",
					"$(inherited)",
				);
				GCC_WARN_64_TO_32_BIT_CONVERSION = YES;
				GCC_WARN_ABOUT_RETURN_TYPE = YES_ERROR;
				GCC_WARN_UNDECLARED_SELECTOR = YES;
				GCC_WARN_UNINITIALIZED_AUTOS = YES_AGGRESSIVE;
				GCC_WARN_UNUSED_FUNCTION = YES;
				GCC_WARN_UNUSED_VARIABLE = YES;
				IPHONEOS_DEPLOYMENT_TARGET = 14.0;
				MTL_ENABLE_DEBUG_INFO = INCLUDE_SOURCE;
				MTL_FAST_MATH = YES;
				ONLY_ACTIVE_ARCH = YES;
				SDKROOT = iphoneos;
				SWIFT_ACTIVE_COMPILATION_CONDITIONS = DEBUG;
				SWIFT_OPTIMIZATION_LEVEL = "-Onone";
			};
			name = Debug;
		};
		8E00937123EC12BE003A4BC0 /* Release */ = {
			isa = XCBuildConfiguration;
			buildSettings = {
				ALWAYS_SEARCH_USER_PATHS = NO;
				BUILD_LIBRARY_FOR_DISTRIBUTION = NO;
				CLANG_ANALYZER_LOCALIZABILITY_NONLOCALIZED = YES;
				CLANG_ANALYZER_NONNULL = YES;
				CLANG_ANALYZER_NUMBER_OBJECT_CONVERSION = YES_AGGRESSIVE;
				CLANG_CXX_LANGUAGE_STANDARD = "gnu++14";
				CLANG_CXX_LIBRARY = "libc++";
				CLANG_ENABLE_MODULES = YES;
				CLANG_ENABLE_OBJC_ARC = YES;
				CLANG_ENABLE_OBJC_WEAK = YES;
				CLANG_WARN_BLOCK_CAPTURE_AUTORELEASING = YES;
				CLANG_WARN_BOOL_CONVERSION = YES;
				CLANG_WARN_COMMA = YES;
				CLANG_WARN_CONSTANT_CONVERSION = YES;
				CLANG_WARN_DEPRECATED_OBJC_IMPLEMENTATIONS = YES;
				CLANG_WARN_DIRECT_OBJC_ISA_USAGE = YES_ERROR;
				CLANG_WARN_DOCUMENTATION_COMMENTS = YES;
				CLANG_WARN_EMPTY_BODY = YES;
				CLANG_WARN_ENUM_CONVERSION = YES;
				CLANG_WARN_INFINITE_RECURSION = YES;
				CLANG_WARN_INT_CONVERSION = YES;
				CLANG_WARN_NON_LITERAL_NULL_CONVERSION = YES;
				CLANG_WARN_OBJC_IMPLICIT_RETAIN_SELF = YES;
				CLANG_WARN_OBJC_LITERAL_CONVERSION = YES;
				CLANG_WARN_OBJC_ROOT_CLASS = YES_ERROR;
				CLANG_WARN_QUOTED_INCLUDE_IN_FRAMEWORK_HEADER = YES;
				CLANG_WARN_RANGE_LOOP_ANALYSIS = YES;
				CLANG_WARN_STRICT_PROTOTYPES = YES;
				CLANG_WARN_SUSPICIOUS_MOVE = YES;
				CLANG_WARN_UNGUARDED_AVAILABILITY = YES_AGGRESSIVE;
				CLANG_WARN_UNREACHABLE_CODE = YES;
				CLANG_WARN__DUPLICATE_METHOD_MATCH = YES;
				COPY_PHASE_STRIP = NO;
				DEBUG_INFORMATION_FORMAT = "dwarf-with-dsym";
				ENABLE_NS_ASSERTIONS = NO;
				ENABLE_STRICT_OBJC_MSGSEND = YES;
				GCC_C_LANGUAGE_STANDARD = gnu11;
				GCC_NO_COMMON_BLOCKS = YES;
				GCC_WARN_64_TO_32_BIT_CONVERSION = YES;
				GCC_WARN_ABOUT_RETURN_TYPE = YES_ERROR;
				GCC_WARN_UNDECLARED_SELECTOR = YES;
				GCC_WARN_UNINITIALIZED_AUTOS = YES_AGGRESSIVE;
				GCC_WARN_UNUSED_FUNCTION = YES;
				GCC_WARN_UNUSED_VARIABLE = YES;
				IPHONEOS_DEPLOYMENT_TARGET = 14.0;
				MTL_ENABLE_DEBUG_INFO = NO;
				MTL_FAST_MATH = YES;
				SDKROOT = iphoneos;
				SWIFT_COMPILATION_MODE = wholemodule;
				SWIFT_OPTIMIZATION_LEVEL = "-O";
				VALIDATE_PRODUCT = YES;
			};
			name = Release;
		};
		8E00937323EC12BE003A4BC0 /* Debug */ = {
			isa = XCBuildConfiguration;
			buildSettings = {
				ASSETCATALOG_COMPILER_APPICON_NAME = AppIcon;
				BUILD_LIBRARY_FOR_DISTRIBUTION = NO;
				CLANG_ENABLE_MODULES = YES;
				CODE_SIGN_STYLE = Automatic;
				DEVELOPMENT_TEAM = LZSP4Z4B6A;
				FRAMEWORK_SEARCH_PATHS = "$(inherited)";
				HEADER_SEARCH_PATHS = (
					"$(inherited)",
					"\"${PODS_CONFIGURATION_BUILD_DIR}/Cache/Cache.framework/Headers\"",
					"\"${PODS_CONFIGURATION_BUILD_DIR}/ReachabilitySwift/Reachability.framework/Headers\"",
				);
				INFOPLIST_FILE = "${PROJECT_DIR}/App/Main/Info.plist";
				LD_RUNPATH_SEARCH_PATHS = (
					"$(inherited)",
					"@executable_path/Frameworks",
				);
				LIBRARY_SEARCH_PATHS = "";
				MARKETING_VERSION = 2.0;
				PRODUCT_BUNDLE_IDENTIFIER = "com.el-machine.Pipe";
				PRODUCT_NAME = "$(TARGET_NAME)";
				SWIFT_OBJC_BRIDGING_HEADER = "";
				SWIFT_OPTIMIZATION_LEVEL = "-Onone";
				SWIFT_VERSION = 5.0;
				TARGETED_DEVICE_FAMILY = "1,2";
			};
			name = Debug;
		};
		8E00937423EC12BE003A4BC0 /* Release */ = {
			isa = XCBuildConfiguration;
			buildSettings = {
				ASSETCATALOG_COMPILER_APPICON_NAME = AppIcon;
				BUILD_LIBRARY_FOR_DISTRIBUTION = NO;
				CLANG_ENABLE_MODULES = YES;
				CODE_SIGN_IDENTITY = "Apple Development";
				CODE_SIGN_STYLE = Automatic;
				DEVELOPMENT_TEAM = LZSP4Z4B6A;
				FRAMEWORK_SEARCH_PATHS = "$(inherited)";
				HEADER_SEARCH_PATHS = (
					"$(inherited)",
					"\"${PODS_CONFIGURATION_BUILD_DIR}/Cache/Cache.framework/Headers\"",
					"\"${PODS_CONFIGURATION_BUILD_DIR}/ReachabilitySwift/Reachability.framework/Headers\"",
				);
				INFOPLIST_FILE = "${PROJECT_DIR}/App/Main/Info.plist";
				LD_RUNPATH_SEARCH_PATHS = (
					"$(inherited)",
					"@executable_path/Frameworks",
				);
				LIBRARY_SEARCH_PATHS = "";
				MARKETING_VERSION = 2.0;
				PRODUCT_BUNDLE_IDENTIFIER = "com.el-machine.Pipe";
				PRODUCT_NAME = "$(TARGET_NAME)";
				PROVISIONING_PROFILE_SPECIFIER = "";
				SWIFT_OBJC_BRIDGING_HEADER = "";
				SWIFT_VERSION = 5.0;
				TARGETED_DEVICE_FAMILY = "1,2";
			};
			name = Release;
		};
/* End XCBuildConfiguration section */

/* Begin XCConfigurationList section */
		6183C53525598EC100C8BE88 /* Build configuration list for PBXNativeTarget "SampleTests" */ = {
			isa = XCConfigurationList;
			buildConfigurations = (
				6183C53125598EC100C8BE88 /* Debug */,
				6183C53225598EC100C8BE88 /* Debug_Dev */,
				6183C53325598EC100C8BE88 /* Release */,
				6183C53425598EC100C8BE88 /* Release_Dev */,
			);
			defaultConfigurationIsVisible = 0;
			defaultConfigurationName = Release;
		};
		8E00935923EC12BB003A4BC0 /* Build configuration list for PBXProject "Sample" */ = {
			isa = XCConfigurationList;
			buildConfigurations = (
				8E00937023EC12BE003A4BC0 /* Debug */,
				61DF023B24A33DD3003CC3B5 /* Debug_Dev */,
				8E00937123EC12BE003A4BC0 /* Release */,
				619D96A2249BBBFC00C53298 /* Release_Dev */,
			);
			defaultConfigurationIsVisible = 0;
			defaultConfigurationName = Release;
		};
		8E00937223EC12BE003A4BC0 /* Build configuration list for PBXNativeTarget "Sample" */ = {
			isa = XCConfigurationList;
			buildConfigurations = (
				8E00937323EC12BE003A4BC0 /* Debug */,
				61DF023C24A33DD3003CC3B5 /* Debug_Dev */,
				8E00937423EC12BE003A4BC0 /* Release */,
				619D96A3249BBBFC00C53298 /* Release_Dev */,
			);
			defaultConfigurationIsVisible = 0;
			defaultConfigurationName = Release;
		};
/* End XCConfigurationList section */
	};
	rootObject = 8E00935623EC12BB003A4BC0 /* Project object */;
}
