{
  "originHash" : "34ec54141f8c6c6ba2abdb4b656271f378bf8ab588a259801929a3ab72792056",
  "pins" : [
    {
      "identity" : "any",
      "kind" : "remoteSourceControl",
      "location" : "https://github.com/el-machine/Any.git",
      "state" : {
        "revision" : "ba94ebd40a70c5d6d058ae25f3b7cacb810dfec4",
        "version" : "1.0.1"
      }
    }
  ],
  "version" : 3
}
