// !$*UTF8*$!
{
	archiveVersion = 1;
	classes = {
	};
	objectVersion = 55;
	objects = {

/* Begin PBXBuildFile section */
		612EA7792C007BAB00F193DC /* Expect_Any_Tests.swift in Sources */ = {isa = PBXBuildFile; fileRef = 612EA7712C007BAB00F193DC /* Expect_Any_Tests.swift */; };
		612EA77A2C007BAB00F193DC /* Expect_Any_Tests.swift in Sources */ = {isa = PBXBuildFile; fileRef = 612EA7712C007BAB00F193DC /* Expect_Any_Tests.swift */; };
		612EA77B2C007BAB00F193DC /* Expect_Tests.swift in Sources */ = {isa = PBXBuildFile; fileRef = 612EA7722C007BAB00F193DC /* Expect_Tests.swift */; };
		612EA77C2C007BAB00F193DC /* Expect_Tests.swift in Sources */ = {isa = PBXBuildFile; fileRef = 612EA7722C007BAB00F193DC /* Expect_Tests.swift */; };
		612EA7842C007BC600F193DC /* Unit.swift in Sources */ = {isa = PBXBuildFile; fileRef = 612EA7802C007BC600F193DC /* Unit.swift */; };
		612EA7852C007BC600F193DC /* Unit.swift in Sources */ = {isa = PBXBuildFile; fileRef = 612EA7802C007BC600F193DC /* Unit.swift */; };
		612EA7882C007C4200F193DC /* Any_ in Frameworks */ = {isa = PBXBuildFile; productRef = 612EA7872C007C4200F193DC /* Any_ */; };
		613966662BE0FB0D004C18A3 /* Assets.xcassets in Resources */ = {isa = PBXBuildFile; fileRef = 6162624728BC8E2B00D63EA5 /* Assets.xcassets */; };
		613966672BE0FB14004C18A3 /* Play.swift in Sources */ = {isa = PBXBuildFile; fileRef = 6162624628BC8E2A00D63EA5 /* Play.swift */; };
		613966692BE0FB2E004C18A3 /* Wand.framework in Frameworks */ = {isa = PBXBuildFile; fileRef = "pipe::Pipe::Product" /* Wand.framework */; };
		6139666A2BE0FB2E004C18A3 /* Wand.framework in Embed Frameworks */ = {isa = PBXBuildFile; fileRef = "pipe::Pipe::Product" /* Wand.framework */; settings = {ATTRIBUTES = (CodeSignOnCopy, RemoveHeadersOnCopy, ); }; };
		615158D32BF751EB001646EA /* All.swift in Sources */ = {isa = PBXBuildFile; fileRef = 615158B92BF751EB001646EA /* All.swift */; };
		615158D42BF751EB001646EA /* Any.swift in Sources */ = {isa = PBXBuildFile; fileRef = 615158BA2BF751EB001646EA /* Any.swift */; };
		615158D62BF751EB001646EA /* Optional.swift in Sources */ = {isa = PBXBuildFile; fileRef = 615158BC2BF751EB001646EA /* Optional.swift */; };
		615158D82BF751EB001646EA /* Ask.swift in Sources */ = {isa = PBXBuildFile; fileRef = 615158BF2BF751EB001646EA /* Ask.swift */; };
		615158D92BF751EB001646EA /* Asking.swift in Sources */ = {isa = PBXBuildFile; fileRef = 615158C02BF751EB001646EA /* Asking.swift */; };
		615158DA2BF751EB001646EA /* AskingNil.swift in Sources */ = {isa = PBXBuildFile; fileRef = 615158C12BF751EB001646EA /* AskingNil.swift */; };
		615158DB2BF751EB001646EA /* Obtain.swift in Sources */ = {isa = PBXBuildFile; fileRef = 615158C32BF751EB001646EA /* Obtain.swift */; };
		615158DF2BF751EB001646EA /* Error.swift in Sources */ = {isa = PBXBuildFile; fileRef = 615158C92BF751EB001646EA /* Error.swift */; };
		615158E02BF751EB001646EA /* Wanded.swift in Sources */ = {isa = PBXBuildFile; fileRef = 615158CB2BF751EB001646EA /* Wanded.swift */; };
		615158E12BF751EB001646EA /* |.swift in Sources */ = {isa = PBXBuildFile; fileRef = 615158CD2BF751EB001646EA /* |.swift */; };
		615158E42BF751EB001646EA /* Wand.swift in Sources */ = {isa = PBXBuildFile; fileRef = 615158D02BF751EB001646EA /* Wand.swift */; };
		6159FBA22C04AE2600BC7BE9 /* Expressible.swift in Sources */ = {isa = PBXBuildFile; fileRef = 6159FB9E2C04AE2600BC7BE9 /* Expressible.swift */; };
		6159FBA32C04AE2600BC7BE9 /* log.swift in Sources */ = {isa = PBXBuildFile; fileRef = 6159FB9F2C04AE2600BC7BE9 /* log.swift */; };
		6159FBA42C04AE2600BC7BE9 /* Memory.swift in Sources */ = {isa = PBXBuildFile; fileRef = 6159FBA02C04AE2600BC7BE9 /* Memory.swift */; };
		6159FBA62C04BEB200BC7BE9 /* Wand_Tests.swift in Sources */ = {isa = PBXBuildFile; fileRef = 612EA7732C007BAB00F193DC /* Wand_Tests.swift */; };
		6159FBA72C04BEB300BC7BE9 /* Wand_Tests.swift in Sources */ = {isa = PBXBuildFile; fileRef = 612EA7732C007BAB00F193DC /* Wand_Tests.swift */; };
		6159FBA92C04D47100BC7BE9 /* Shortcuts.swift in Sources */ = {isa = PBXBuildFile; fileRef = 6159FBA82C04D47000BC7BE9 /* Shortcuts.swift */; };
		6159FBAB2C04D56F00BC7BE9 /* Point.swift in Sources */ = {isa = PBXBuildFile; fileRef = 6159FBAA2C04D56F00BC7BE9 /* Point.swift */; };
		6159FBAC2C04D56F00BC7BE9 /* Point.swift in Sources */ = {isa = PBXBuildFile; fileRef = 6159FBAA2C04D56F00BC7BE9 /* Point.swift */; };
		6162625628BC8E2B00D63EA5 /* Play.swift in Sources */ = {isa = PBXBuildFile; fileRef = 6162624628BC8E2A00D63EA5 /* Play.swift */; };
		6162625828BC8E2B00D63EA5 /* Assets.xcassets in Resources */ = {isa = PBXBuildFile; fileRef = 6162624728BC8E2B00D63EA5 /* Assets.xcassets */; };
		6162626428BC944300D63EA5 /* Wand.framework in Frameworks */ = {isa = PBXBuildFile; fileRef = "pipe::Pipe::Product" /* Wand.framework */; platformFilters = (driverkit, ios, macos, tvos, xros, ); };
		6162626528BC944300D63EA5 /* Wand.framework in Embed Frameworks */ = {isa = PBXBuildFile; fileRef = "pipe::Pipe::Product" /* Wand.framework */; platformFilters = (driverkit, ios, macos, tvos, xros, ); settings = {ATTRIBUTES = (CodeSignOnCopy, RemoveHeadersOnCopy, ); }; };
		OBJ_254 /* Wand.framework in Frameworks */ = {isa = PBXBuildFile; fileRef = "pipe::Pipe::Product" /* Wand.framework */; };
/* End PBXBuildFile section */

/* Begin PBXContainerItemProxy section */
		6139664C2BE0F87A004C18A3 /* PBXContainerItemProxy */ = {
			isa = PBXContainerItemProxy;
			containerPortal = OBJ_1 /* Project object */;
			proxyType = 1;
			remoteGlobalIDString = 613966142BE0F4EF004C18A3;
			remoteInfo = WatchPlay;
		};
		6139666B2BE0FB2E004C18A3 /* PBXContainerItemProxy */ = {
			isa = PBXContainerItemProxy;
			containerPortal = OBJ_1 /* Project object */;
			proxyType = 1;
			remoteGlobalIDString = "pipe::Pipe";
			remoteInfo = Wand;
		};
		6162624228BC8D4400D63EA5 /* PBXContainerItemProxy */ = {
			isa = PBXContainerItemProxy;
			containerPortal = OBJ_1 /* Project object */;
			proxyType = 1;
			remoteGlobalIDString = "pipe::Pipe";
			remoteInfo = Pipe;
		};
		6162626228BC929D00D63EA5 /* PBXContainerItemProxy */ = {
			isa = PBXContainerItemProxy;
			containerPortal = OBJ_1 /* Project object */;
			proxyType = 1;
			remoteGlobalIDString = 6162624B28BC8E2B00D63EA5;
			remoteInfo = "Sandbox (iOS)";
		};
/* End PBXContainerItemProxy section */

/* Begin PBXCopyFilesBuildPhase section */
		6139666D2BE0FB2E004C18A3 /* Embed Frameworks */ = {
			isa = PBXCopyFilesBuildPhase;
			buildActionMask = 2147483647;
			dstPath = "";
			dstSubfolderSpec = 10;
			files = (
				6139666A2BE0FB2E004C18A3 /* Wand.framework in Embed Frameworks */,
			);
			name = "Embed Frameworks";
			runOnlyForDeploymentPostprocessing = 0;
		};
		6162626628BC944300D63EA5 /* Embed Frameworks */ = {
			isa = PBXCopyFilesBuildPhase;
			buildActionMask = 2147483647;
			dstPath = "";
			dstSubfolderSpec = 10;
			files = (
				6162626528BC944300D63EA5 /* Wand.framework in Embed Frameworks */,
			);
			name = "Embed Frameworks";
			runOnlyForDeploymentPostprocessing = 0;
		};
/* End PBXCopyFilesBuildPhase section */

/* Begin PBXFileReference section */
		612EA7712C007BAB00F193DC /* Expect_Any_Tests.swift */ = {isa = PBXFileReference; fileEncoding = 4; lastKnownFileType = sourcecode.swift; path = Expect_Any_Tests.swift; sourceTree = "<group>"; };
		612EA7722C007BAB00F193DC /* Expect_Tests.swift */ = {isa = PBXFileReference; fileEncoding = 4; lastKnownFileType = sourcecode.swift; path = Expect_Tests.swift; sourceTree = "<group>"; };
		612EA7732C007BAB00F193DC /* Wand_Tests.swift */ = {isa = PBXFileReference; fileEncoding = 4; lastKnownFileType = sourcecode.swift; path = Wand_Tests.swift; sourceTree = "<group>"; };
		612EA7802C007BC600F193DC /* Unit.swift */ = {isa = PBXFileReference; fileEncoding = 4; lastKnownFileType = sourcecode.swift; path = Unit.swift; sourceTree = "<group>"; };
		612EA78E2C007DB600F193DC /* Package.resolved */ = {isa = PBXFileReference; lastKnownFileType = text; name = Package.resolved; path = Wand.xcodeproj/xcuserdata/swiftpm/Package.resolved; sourceTree = "<group>"; };
		613966152BE0F4EF004C18A3 /* watchPlay.app */ = {isa = PBXFileReference; explicitFileType = wrapper.application; includeInIndex = 0; path = watchPlay.app; sourceTree = BUILT_PRODUCTS_DIR; };
		613966482BE0F87A004C18A3 /* watchPlayTests.xctest */ = {isa = PBXFileReference; explicitFileType = wrapper.cfbundle; includeInIndex = 0; path = watchPlayTests.xctest; sourceTree = BUILT_PRODUCTS_DIR; };
		615158912BF74A4C001646EA /* testPlan.xctestplan */ = {isa = PBXFileReference; lastKnownFileType = text; path = testPlan.xctestplan; sourceTree = "<group>"; };
		615158922BF74A4C001646EA /* watchTestPlan.xctestplan */ = {isa = PBXFileReference; lastKnownFileType = text; path = watchTestPlan.xctestplan; sourceTree = "<group>"; };
		615158B92BF751EB001646EA /* All.swift */ = {isa = PBXFileReference; fileEncoding = 4; lastKnownFileType = sourcecode.swift; path = All.swift; sourceTree = "<group>"; };
		615158BA2BF751EB001646EA /* Any.swift */ = {isa = PBXFileReference; fileEncoding = 4; lastKnownFileType = sourcecode.swift; path = Any.swift; sourceTree = "<group>"; };
		615158BC2BF751EB001646EA /* Optional.swift */ = {isa = PBXFileReference; fileEncoding = 4; lastKnownFileType = sourcecode.swift; path = Optional.swift; sourceTree = "<group>"; };
		615158BF2BF751EB001646EA /* Ask.swift */ = {isa = PBXFileReference; fileEncoding = 4; lastKnownFileType = sourcecode.swift; path = Ask.swift; sourceTree = "<group>"; };
		615158C02BF751EB001646EA /* Asking.swift */ = {isa = PBXFileReference; fileEncoding = 4; lastKnownFileType = sourcecode.swift; path = Asking.swift; sourceTree = "<group>"; };
		615158C12BF751EB001646EA /* AskingNil.swift */ = {isa = PBXFileReference; fileEncoding = 4; lastKnownFileType = sourcecode.swift; path = AskingNil.swift; sourceTree = "<group>"; };
		615158C32BF751EB001646EA /* Obtain.swift */ = {isa = PBXFileReference; fileEncoding = 4; lastKnownFileType = sourcecode.swift; path = Obtain.swift; sourceTree = "<group>"; };
		615158C92BF751EB001646EA /* Error.swift */ = {isa = PBXFileReference; fileEncoding = 4; lastKnownFileType = sourcecode.swift; path = Error.swift; sourceTree = "<group>"; };
		615158CB2BF751EB001646EA /* Wanded.swift */ = {isa = PBXFileReference; fileEncoding = 4; lastKnownFileType = sourcecode.swift; path = Wanded.swift; sourceTree = "<group>"; };
		615158CD2BF751EB001646EA /* |.swift */ = {isa = PBXFileReference; fileEncoding = 4; lastKnownFileType = sourcecode.swift; path = "|.swift"; sourceTree = "<group>"; };
		615158D02BF751EB001646EA /* Wand.swift */ = {isa = PBXFileReference; fileEncoding = 4; lastKnownFileType = sourcecode.swift; path = Wand.swift; sourceTree = "<group>"; };
		615158E52BF7552D001646EA /* watchInfo.plist */ = {isa = PBXFileReference; lastKnownFileType = text.plist.xml; path = watchInfo.plist; sourceTree = "<group>"; };
		615158E62BF7583C001646EA /* info.plist */ = {isa = PBXFileReference; lastKnownFileType = text.plist.xml; path = info.plist; sourceTree = SOURCE_ROOT; };
		615158E72BF75EEC001646EA /* info.plist */ = {isa = PBXFileReference; lastKnownFileType = text.plist.xml; path = info.plist; sourceTree = "<group>"; };
		6159FB9E2C04AE2600BC7BE9 /* Expressible.swift */ = {isa = PBXFileReference; fileEncoding = 4; lastKnownFileType = sourcecode.swift; path = Expressible.swift; sourceTree = "<group>"; };
		6159FB9F2C04AE2600BC7BE9 /* log.swift */ = {isa = PBXFileReference; fileEncoding = 4; lastKnownFileType = sourcecode.swift; path = log.swift; sourceTree = "<group>"; };
		6159FBA02C04AE2600BC7BE9 /* Memory.swift */ = {isa = PBXFileReference; fileEncoding = 4; lastKnownFileType = sourcecode.swift; path = Memory.swift; sourceTree = "<group>"; };
		6159FBA82C04D47000BC7BE9 /* Shortcuts.swift */ = {isa = PBXFileReference; fileEncoding = 4; lastKnownFileType = sourcecode.swift; path = Shortcuts.swift; sourceTree = "<group>"; };
		6159FBAA2C04D56F00BC7BE9 /* Point.swift */ = {isa = PBXFileReference; fileEncoding = 4; lastKnownFileType = sourcecode.swift; path = Point.swift; sourceTree = "<group>"; };
		615A968A2BF39E88003875F5 /* LICENSE */ = {isa = PBXFileReference; lastKnownFileType = text; path = LICENSE; sourceTree = "<group>"; };
		615A968B2BF39E88003875F5 /* CONTRIB.TXT */ = {isa = PBXFileReference; lastKnownFileType = text; path = CONTRIB.TXT; sourceTree = "<group>"; };
		615A968F2BF39E88003875F5 /* README.MD */ = {isa = PBXFileReference; lastKnownFileType = net.daringfireball.markdown; path = README.MD; sourceTree = "<group>"; };
		6162624628BC8E2A00D63EA5 /* Play.swift */ = {isa = PBXFileReference; lastKnownFileType = sourcecode.swift; path = Play.swift; sourceTree = "<group>"; };
		6162624728BC8E2B00D63EA5 /* Assets.xcassets */ = {isa = PBXFileReference; lastKnownFileType = folder.assetcatalog; path = Assets.xcassets; sourceTree = "<group>"; };
		6162624C28BC8E2B00D63EA5 /* Play.app */ = {isa = PBXFileReference; explicitFileType = wrapper.application; includeInIndex = 0; path = Play.app; sourceTree = BUILT_PRODUCTS_DIR; };
		61ACC8832BFDF90700BF58A8 /* list.json */ = {isa = PBXFileReference; lastKnownFileType = text.json; path = list.json; sourceTree = "<group>"; };
		OBJ_6 /* Package.swift */ = {isa = PBXFileReference; explicitFileType = sourcecode.swift; path = Package.swift; sourceTree = "<group>"; };
		"pipe::Pipe::Product" /* Wand.framework */ = {isa = PBXFileReference; explicitFileType = wrapper.framework; path = Wand.framework; sourceTree = BUILT_PRODUCTS_DIR; };
		"pipe::PipeTests::Product" /* WandTests.xctest */ = {isa = PBXFileReference; explicitFileType = wrapper.cfbundle; path = WandTests.xctest; sourceTree = BUILT_PRODUCTS_DIR; };
/* End PBXFileReference section */

/* Begin PBXFrameworksBuildPhase section */
		613966122BE0F4EF004C18A3 /* Frameworks */ = {
			isa = PBXFrameworksBuildPhase;
			buildActionMask = 2147483647;
			files = (
				613966692BE0FB2E004C18A3 /* Wand.framework in Frameworks */,
			);
			runOnlyForDeploymentPostprocessing = 0;
		};
		613966452BE0F87A004C18A3 /* Frameworks */ = {
			isa = PBXFrameworksBuildPhase;
			buildActionMask = 2147483647;
			files = (
			);
			runOnlyForDeploymentPostprocessing = 0;
		};
		6162624928BC8E2B00D63EA5 /* Frameworks */ = {
			isa = PBXFrameworksBuildPhase;
			buildActionMask = 2147483647;
			files = (
				6162626428BC944300D63EA5 /* Wand.framework in Frameworks */,
			);
			runOnlyForDeploymentPostprocessing = 0;
		};
		OBJ_214 /* Frameworks */ = {
			isa = PBXFrameworksBuildPhase;
			buildActionMask = 0;
			files = (
			);
			runOnlyForDeploymentPostprocessing = 0;
		};
		OBJ_253 /* Frameworks */ = {
			isa = PBXFrameworksBuildPhase;
			buildActionMask = 0;
			files = (
				OBJ_254 /* Wand.framework in Frameworks */,
				612EA7882C007C4200F193DC /* Any_ in Frameworks */,
			);
			runOnlyForDeploymentPostprocessing = 0;
		};
/* End PBXFrameworksBuildPhase section */

/* Begin PBXGroup section */
		612EA7742C007BAB00F193DC /* Cases */ = {
			isa = PBXGroup;
			children = (
				612EA7712C007BAB00F193DC /* Expect_Any_Tests.swift */,
				612EA7722C007BAB00F193DC /* Expect_Tests.swift */,
				612EA7732C007BAB00F193DC /* Wand_Tests.swift */,
			);
			name = Cases;
			path = Tests/wandTests/Cases;
			sourceTree = SOURCE_ROOT;
		};
		612EA7812C007BC600F193DC /* Unit */ = {
			isa = PBXGroup;
			children = (
				6159FBAA2C04D56F00BC7BE9 /* Point.swift */,
				612EA7802C007BC600F193DC /* Unit.swift */,
			);
			name = Unit;
			path = Tests/wandTests/Unit;
			sourceTree = SOURCE_ROOT;
		};
		614017D82BEA1FDF00D196EE /* WandTests */ = {
			isa = PBXGroup;
			children = (
				612EA7742C007BAB00F193DC /* Cases */,
				612EA7812C007BC600F193DC /* Unit */,
			);
			path = WandTests;
			sourceTree = "<group>";
		};
		615158BE2BF751EB001646EA /* Tools */ = {
			isa = PBXGroup;
			children = (
				615158B92BF751EB001646EA /* All.swift */,
				615158BA2BF751EB001646EA /* Any.swift */,
				615158BC2BF751EB001646EA /* Optional.swift */,
				6159FBA82C04D47000BC7BE9 /* Shortcuts.swift */,
			);
			path = Tools;
			sourceTree = "<group>";
		};
		615158C22BF751EB001646EA /* Ask */ = {
			isa = PBXGroup;
			children = (
				615158BE2BF751EB001646EA /* Tools */,
				615158BF2BF751EB001646EA /* Ask.swift */,
				615158C02BF751EB001646EA /* Asking.swift */,
				615158C12BF751EB001646EA /* AskingNil.swift */,
			);
			path = Ask;
			sourceTree = "<group>";
		};
		615158C42BF751EB001646EA /* Obtain */ = {
			isa = PBXGroup;
			children = (
				615158C32BF751EB001646EA /* Obtain.swift */,
			);
			path = Obtain;
			sourceTree = "<group>";
		};
		615158CC2BF751EB001646EA /* Wanded */ = {
			isa = PBXGroup;
			children = (
				615158C92BF751EB001646EA /* Error.swift */,
				615158CB2BF751EB001646EA /* Wanded.swift */,
			);
			path = Wanded;
			sourceTree = "<group>";
		};
		615158D12BF751EB001646EA /* Wand */ = {
			isa = PBXGroup;
			children = (
				615158C22BF751EB001646EA /* Ask */,
				615158C42BF751EB001646EA /* Obtain */,
				615158CC2BF751EB001646EA /* Wanded */,
				6159FBA12C04AE2600BC7BE9 /* |tools */,
				615158CD2BF751EB001646EA /* |.swift */,
				615158D02BF751EB001646EA /* Wand.swift */,
			);
			path = Wand;
			sourceTree = "<group>";
		};
		615158D22BF751EB001646EA /* Sources */ = {
			isa = PBXGroup;
			children = (
				615158D12BF751EB001646EA /* Wand */,
			);
			path = Sources;
			sourceTree = "<group>";
		};
		6159FBA12C04AE2600BC7BE9 /* |tools */ = {
			isa = PBXGroup;
			children = (
				6159FB9E2C04AE2600BC7BE9 /* Expressible.swift */,
				6159FB9F2C04AE2600BC7BE9 /* log.swift */,
				6159FBA02C04AE2600BC7BE9 /* Memory.swift */,
			);
			path = "|tools";
			sourceTree = "<group>";
		};
		6162624428BC8E2A00D63EA5 /* App */ = {
			isa = PBXGroup;
			children = (
				6162624728BC8E2B00D63EA5 /* Assets.xcassets */,
				6162624628BC8E2A00D63EA5 /* Play.swift */,
				615158E62BF7583C001646EA /* info.plist */,
				615158912BF74A4C001646EA /* testPlan.xctestplan */,
				615158E52BF7552D001646EA /* watchInfo.plist */,
				615158922BF74A4C001646EA /* watchTestPlan.xctestplan */,
			);
			path = App;
			sourceTree = "<group>";
		};
		618056362BCB90D60013EC56 /* Tests */ = {
			isa = PBXGroup;
			children = (
				614017D82BEA1FDF00D196EE /* WandTests */,
			);
			path = Tests;
			sourceTree = "<group>";
		};
		OBJ_138 /* Products */ = {
			isa = PBXGroup;
			children = (
				"pipe::Pipe::Product" /* Wand.framework */,
				"pipe::PipeTests::Product" /* WandTests.xctest */,
				6162624C28BC8E2B00D63EA5 /* Play.app */,
				613966152BE0F4EF004C18A3 /* watchPlay.app */,
				613966482BE0F87A004C18A3 /* watchPlayTests.xctest */,
			);
			name = Products;
			sourceTree = BUILT_PRODUCTS_DIR;
		};
		OBJ_5 = {
			isa = PBXGroup;
			children = (
				6162624428BC8E2A00D63EA5 /* App */,
				615158D22BF751EB001646EA /* Sources */,
				615158E72BF75EEC001646EA /* info.plist */,
				61ACC8832BFDF90700BF58A8 /* list.json */,
				OBJ_6 /* Package.swift */,
				612EA78E2C007DB600F193DC /* Package.resolved */,
				OBJ_138 /* Products */,
				618056362BCB90D60013EC56 /* Tests */,
				615A968B2BF39E88003875F5 /* CONTRIB.TXT */,
				615A968A2BF39E88003875F5 /* LICENSE */,
				615A968F2BF39E88003875F5 /* README.MD */,
			);
			sourceTree = "<group>";
		};
/* End PBXGroup section */

/* Begin PBXNativeTarget section */
		613966142BE0F4EF004C18A3 /* watchPlay */ = {
			isa = PBXNativeTarget;
			buildConfigurationList = 613966262BE0F4F0004C18A3 /* Build configuration list for PBXNativeTarget "watchPlay" */;
			buildPhases = (
				613966112BE0F4EF004C18A3 /* Sources */,
				613966122BE0F4EF004C18A3 /* Frameworks */,
				613966132BE0F4EF004C18A3 /* Resources */,
				6139666D2BE0FB2E004C18A3 /* Embed Frameworks */,
			);
			buildRules = (
			);
			dependencies = (
				6139666C2BE0FB2E004C18A3 /* PBXTargetDependency */,
			);
			name = watchPlay;
			productName = "WatchPlay Watch App";
			productReference = 613966152BE0F4EF004C18A3 /* watchPlay.app */;
			productType = "com.apple.product-type.application";
		};
		613966472BE0F87A004C18A3 /* watchPlayTests */ = {
			isa = PBXNativeTarget;
			buildConfigurationList = 6139664E2BE0F87A004C18A3 /* Build configuration list for PBXNativeTarget "watchPlayTests" */;
			buildPhases = (
				613966442BE0F87A004C18A3 /* Sources */,
				613966452BE0F87A004C18A3 /* Frameworks */,
				613966462BE0F87A004C18A3 /* Resources */,
			);
			buildRules = (
			);
			dependencies = (
				6139664D2BE0F87A004C18A3 /* PBXTargetDependency */,
			);
			name = watchPlayTests;
			productName = WatchPlayTests;
			productReference = 613966482BE0F87A004C18A3 /* watchPlayTests.xctest */;
			productType = "com.apple.product-type.bundle.unit-test";
		};
		6162624B28BC8E2B00D63EA5 /* Play */ = {
			isa = PBXNativeTarget;
			buildConfigurationList = 6162625A28BC8E2B00D63EA5 /* Build configuration list for PBXNativeTarget "Play" */;
			buildPhases = (
				6162624828BC8E2B00D63EA5 /* Sources */,
				6162624928BC8E2B00D63EA5 /* Frameworks */,
				6162624A28BC8E2B00D63EA5 /* Resources */,
				6162626628BC944300D63EA5 /* Embed Frameworks */,
			);
			buildRules = (
			);
			dependencies = (
			);
			name = Play;
			productName = "Sandbox (iOS)";
			productReference = 6162624C28BC8E2B00D63EA5 /* Play.app */;
			productType = "com.apple.product-type.application";
		};
		"pipe::Pipe" /* Wand */ = {
			isa = PBXNativeTarget;
			buildConfigurationList = OBJ_145 /* Build configuration list for PBXNativeTarget "Wand" */;
			buildPhases = (
				OBJ_148 /* Sources */,
				OBJ_214 /* Frameworks */,
			);
			buildRules = (
			);
			dependencies = (
			);
			name = Wand;
			productName = Pipe;
			productReference = "pipe::Pipe::Product" /* Wand.framework */;
			productType = "com.apple.product-type.framework";
		};
		"pipe::PipeTests" /* wandTests */ = {
			isa = PBXNativeTarget;
			buildConfigurationList = OBJ_227 /* Build configuration list for PBXNativeTarget "wandTests" */;
			buildPhases = (
				OBJ_230 /* Sources */,
				OBJ_253 /* Frameworks */,
			);
			buildRules = (
			);
			dependencies = (
				OBJ_255 /* PBXTargetDependency */,
				6162626328BC929D00D63EA5 /* PBXTargetDependency */,
			);
			name = wandTests;
			packageProductDependencies = (
				612EA7872C007C4200F193DC /* Any_ */,
			);
			productName = PipeTests;
			productReference = "pipe::PipeTests::Product" /* WandTests.xctest */;
			productType = "com.apple.product-type.bundle.unit-test";
		};
/* End PBXNativeTarget section */

/* Begin PBXProject section */
		OBJ_1 /* Project object */ = {
			isa = PBXProject;
			attributes = {
				BuildIndependentTargetsInParallel = YES;
				LastSwiftMigration = 9999;
				LastSwiftUpdateCheck = 1530;
				LastUpgradeCheck = 1530;
				ORGANIZATIONNAME = "El Machine, Alex Kozin";
				TargetAttributes = {
					613966142BE0F4EF004C18A3 = {
						CreatedOnToolsVersion = 15.3;
					};
					613966472BE0F87A004C18A3 = {
						CreatedOnToolsVersion = 15.3;
						TestTargetID = 613966142BE0F4EF004C18A3;
					};
					6162624B28BC8E2B00D63EA5 = {
						CreatedOnToolsVersion = 13.4.1;
						DevelopmentTeam = LZSP4Z4B6A;
						ProvisioningStyle = Automatic;
					};
					"pipe::Pipe" = {
						DevelopmentTeam = LZSP4Z4B6A;
					};
					"pipe::PipeTests" = {
						DevelopmentTeam = LZSP4Z4B6A;
						LastSwiftMigration = 1340;
						ProvisioningStyle = Automatic;
						TestTargetID = 6162624B28BC8E2B00D63EA5;
					};
				};
			};
			buildConfigurationList = OBJ_2 /* Build configuration list for PBXProject "Wand" */;
			compatibilityVersion = "Xcode 3.2";
			developmentRegion = en;
			hasScannedForEncodings = 0;
			knownRegions = (
				en,
				Base,
			);
			mainGroup = OBJ_5;
			packageReferences = (
				612EA7862C007C4200F193DC /* XCRemoteSwiftPackageReference "Any" */,
			);
			productRefGroup = OBJ_138 /* Products */;
			projectDirPath = "";
			projectRoot = "";
			targets = (
				"pipe::Pipe" /* Wand */,
				6162624B28BC8E2B00D63EA5 /* Play */,
				"pipe::PipeTests" /* wandTests */,
				613966142BE0F4EF004C18A3 /* watchPlay */,
				613966472BE0F87A004C18A3 /* watchPlayTests */,
			);
		};
/* End PBXProject section */

/* Begin PBXResourcesBuildPhase section */
		613966132BE0F4EF004C18A3 /* Resources */ = {
			isa = PBXResourcesBuildPhase;
			buildActionMask = 2147483647;
			files = (
				613966662BE0FB0D004C18A3 /* Assets.xcassets in Resources */,
			);
			runOnlyForDeploymentPostprocessing = 0;
		};
		613966462BE0F87A004C18A3 /* Resources */ = {
			isa = PBXResourcesBuildPhase;
			buildActionMask = 2147483647;
			files = (
			);
			runOnlyForDeploymentPostprocessing = 0;
		};
		6162624A28BC8E2B00D63EA5 /* Resources */ = {
			isa = PBXResourcesBuildPhase;
			buildActionMask = 2147483647;
			files = (
				6162625828BC8E2B00D63EA5 /* Assets.xcassets in Resources */,
			);
			runOnlyForDeploymentPostprocessing = 0;
		};
/* End PBXResourcesBuildPhase section */

/* Begin PBXSourcesBuildPhase section */
		613966112BE0F4EF004C18A3 /* Sources */ = {
			isa = PBXSourcesBuildPhase;
			buildActionMask = 2147483647;
			files = (
				613966672BE0FB14004C18A3 /* Play.swift in Sources */,
			);
			runOnlyForDeploymentPostprocessing = 0;
		};
		613966442BE0F87A004C18A3 /* Sources */ = {
			isa = PBXSourcesBuildPhase;
			buildActionMask = 2147483647;
			files = (
				6159FBA62C04BEB200BC7BE9 /* Wand_Tests.swift in Sources */,
				6159FBAC2C04D56F00BC7BE9 /* Point.swift in Sources */,
				612EA7852C007BC600F193DC /* Unit.swift in Sources */,
				612EA77A2C007BAB00F193DC /* Expect_Any_Tests.swift in Sources */,
				612EA77C2C007BAB00F193DC /* Expect_Tests.swift in Sources */,
			);
			runOnlyForDeploymentPostprocessing = 0;
		};
		6162624828BC8E2B00D63EA5 /* Sources */ = {
			isa = PBXSourcesBuildPhase;
			buildActionMask = 2147483647;
			files = (
				6162625628BC8E2B00D63EA5 /* Play.swift in Sources */,
			);
			runOnlyForDeploymentPostprocessing = 0;
		};
		OBJ_148 /* Sources */ = {
			isa = PBXSourcesBuildPhase;
			buildActionMask = 0;
			files = (
				615158E12BF751EB001646EA /* |.swift in Sources */,
				615158E42BF751EB001646EA /* Wand.swift in Sources */,
				615158D42BF751EB001646EA /* Any.swift in Sources */,
				6159FBA32C04AE2600BC7BE9 /* log.swift in Sources */,
				615158DA2BF751EB001646EA /* AskingNil.swift in Sources */,
				615158DF2BF751EB001646EA /* Error.swift in Sources */,
				6159FBA22C04AE2600BC7BE9 /* Expressible.swift in Sources */,
				6159FBA42C04AE2600BC7BE9 /* Memory.swift in Sources */,
				615158D32BF751EB001646EA /* All.swift in Sources */,
				615158D62BF751EB001646EA /* Optional.swift in Sources */,
				615158D92BF751EB001646EA /* Asking.swift in Sources */,
				615158DB2BF751EB001646EA /* Obtain.swift in Sources */,
				615158E02BF751EB001646EA /* Wanded.swift in Sources */,
				615158D82BF751EB001646EA /* Ask.swift in Sources */,
				6159FBA92C04D47100BC7BE9 /* Shortcuts.swift in Sources */,
			);
			runOnlyForDeploymentPostprocessing = 0;
		};
		OBJ_230 /* Sources */ = {
			isa = PBXSourcesBuildPhase;
			buildActionMask = 0;
			files = (
				6159FBA72C04BEB300BC7BE9 /* Wand_Tests.swift in Sources */,
				6159FBAB2C04D56F00BC7BE9 /* Point.swift in Sources */,
				612EA7842C007BC600F193DC /* Unit.swift in Sources */,
				612EA7792C007BAB00F193DC /* Expect_Any_Tests.swift in Sources */,
				612EA77B2C007BAB00F193DC /* Expect_Tests.swift in Sources */,
			);
			runOnlyForDeploymentPostprocessing = 0;
		};
/* End PBXSourcesBuildPhase section */

/* Begin PBXTargetDependency section */
		6139664D2BE0F87A004C18A3 /* PBXTargetDependency */ = {
			isa = PBXTargetDependency;
			target = 613966142BE0F4EF004C18A3 /* watchPlay */;
			targetProxy = 6139664C2BE0F87A004C18A3 /* PBXContainerItemProxy */;
		};
		6139666C2BE0FB2E004C18A3 /* PBXTargetDependency */ = {
			isa = PBXTargetDependency;
			target = "pipe::Pipe" /* Wand */;
			targetProxy = 6139666B2BE0FB2E004C18A3 /* PBXContainerItemProxy */;
		};
		6162626328BC929D00D63EA5 /* PBXTargetDependency */ = {
			isa = PBXTargetDependency;
			target = 6162624B28BC8E2B00D63EA5 /* Play */;
			targetProxy = 6162626228BC929D00D63EA5 /* PBXContainerItemProxy */;
		};
		OBJ_255 /* PBXTargetDependency */ = {
			isa = PBXTargetDependency;
			target = "pipe::Pipe" /* Wand */;
			targetProxy = 6162624228BC8D4400D63EA5 /* PBXContainerItemProxy */;
		};
/* End PBXTargetDependency section */

/* Begin XCBuildConfiguration section */
		613966242BE0F4F0004C18A3 /* Debug */ = {
			isa = XCBuildConfiguration;
			buildSettings = {
				ALWAYS_EMBED_SWIFT_STANDARD_LIBRARIES = YES;
				ALWAYS_SEARCH_USER_PATHS = NO;
				ASSETCATALOG_COMPILER_APPICON_NAME = AppIcon;
				ASSETCATALOG_COMPILER_GENERATE_ASSET_SYMBOLS = NO;
				ASSETCATALOG_COMPILER_GENERATE_SWIFT_ASSET_SYMBOL_EXTENSIONS = NO;
				ASSETCATALOG_COMPILER_GLOBAL_ACCENT_COLOR_NAME = AccentColor;
				CLANG_ANALYZER_NONNULL = YES;
				CLANG_ANALYZER_NUMBER_OBJECT_CONVERSION = YES_AGGRESSIVE;
				CLANG_CXX_LANGUAGE_STANDARD = "gnu++20";
				CLANG_ENABLE_MODULES = YES;
				CLANG_ENABLE_OBJC_WEAK = YES;
				CLANG_WARN_DIRECT_OBJC_ISA_USAGE = YES_ERROR;
				CLANG_WARN_DOCUMENTATION_COMMENTS = YES;
				CLANG_WARN_OBJC_ROOT_CLASS = YES_ERROR;
				CLANG_WARN_UNGUARDED_AVAILABILITY = YES_AGGRESSIVE;
				CODE_SIGN_STYLE = Automatic;
				CURRENT_PROJECT_VERSION = 657;
				DEVELOPMENT_ASSET_PATHS = "";
				DEVELOPMENT_TEAM = LZSP4Z4B6A;
				ENABLE_PREVIEWS = YES;
				ENABLE_USER_SCRIPT_SANDBOXING = YES;
				GCC_C_LANGUAGE_STANDARD = gnu17;
				GCC_DYNAMIC_NO_PIC = NO;
				GCC_PREPROCESSOR_DEFINITIONS = (
					"DEBUG=1",
					"$(inherited)",
				);
				GCC_WARN_ABOUT_RETURN_TYPE = YES_ERROR;
				GCC_WARN_UNINITIALIZED_AUTOS = YES_AGGRESSIVE;
				GENERATE_INFOPLIST_FILE = NO;
				INFOPLIST_FILE = App/watchInfo.plist;
				INFOPLIST_KEY_CFBundleDisplayName = WatchPlay;
				INFOPLIST_KEY_NSContactsUsageDescription = 12;
				INFOPLIST_KEY_UISupportedInterfaceOrientations = "UIInterfaceOrientationPortrait UIInterfaceOrientationPortraitUpsideDown";
				INFOPLIST_KEY_WKCompanionAppBundleIdentifier = "el-machine.Play";
				INFOPLIST_KEY_WKRunsIndependentlyOfCompanionApp = YES;
				LD_RUNPATH_SEARCH_PATHS = (
					"$(inherited)",
					"@executable_path/Frameworks",
				);
				LOCALIZATION_PREFERS_STRING_CATALOGS = YES;
				MARKETING_VERSION = "";
				MTL_ENABLE_DEBUG_INFO = INCLUDE_SOURCE;
				MTL_FAST_MATH = YES;
				PRODUCT_BUNDLE_IDENTIFIER = "el-machine.Play.watchkitapp";
				PRODUCT_NAME = "$(TARGET_NAME)";
				SDKROOT = watchos;
				SKIP_INSTALL = YES;
				SWIFT_ACTIVE_COMPILATION_CONDITIONS = "DEBUG $(inherited)";
				SWIFT_EMIT_LOC_STRINGS = YES;
				SWIFT_VERSION = 5.0;
				TARGETED_DEVICE_FAMILY = 4;
				TVOS_DEPLOYMENT_TARGET = 14.0;
				WATCHOS_DEPLOYMENT_TARGET = 7.0;
			};
			name = Debug;
		};
		613966252BE0F4F0004C18A3 /* Release */ = {
			isa = XCBuildConfiguration;
			buildSettings = {
				ALWAYS_EMBED_SWIFT_STANDARD_LIBRARIES = YES;
				ALWAYS_SEARCH_USER_PATHS = NO;
				ASSETCATALOG_COMPILER_APPICON_NAME = AppIcon;
				ASSETCATALOG_COMPILER_GENERATE_ASSET_SYMBOLS = NO;
				ASSETCATALOG_COMPILER_GENERATE_SWIFT_ASSET_SYMBOL_EXTENSIONS = NO;
				ASSETCATALOG_COMPILER_GLOBAL_ACCENT_COLOR_NAME = AccentColor;
				CLANG_ANALYZER_NONNULL = YES;
				CLANG_ANALYZER_NUMBER_OBJECT_CONVERSION = YES_AGGRESSIVE;
				CLANG_CXX_LANGUAGE_STANDARD = "gnu++20";
				CLANG_ENABLE_MODULES = YES;
				CLANG_ENABLE_OBJC_WEAK = YES;
				CLANG_WARN_DIRECT_OBJC_ISA_USAGE = YES_ERROR;
				CLANG_WARN_DOCUMENTATION_COMMENTS = YES;
				CLANG_WARN_OBJC_ROOT_CLASS = YES_ERROR;
				CLANG_WARN_UNGUARDED_AVAILABILITY = YES_AGGRESSIVE;
				CODE_SIGN_STYLE = Automatic;
				COPY_PHASE_STRIP = NO;
				CURRENT_PROJECT_VERSION = 657;
				DEVELOPMENT_ASSET_PATHS = "";
				DEVELOPMENT_TEAM = LZSP4Z4B6A;
				ENABLE_NS_ASSERTIONS = NO;
				ENABLE_PREVIEWS = YES;
				ENABLE_USER_SCRIPT_SANDBOXING = YES;
				GCC_C_LANGUAGE_STANDARD = gnu17;
				GCC_WARN_ABOUT_RETURN_TYPE = YES_ERROR;
				GCC_WARN_UNINITIALIZED_AUTOS = YES_AGGRESSIVE;
				GENERATE_INFOPLIST_FILE = NO;
				INFOPLIST_FILE = App/watchInfo.plist;
				INFOPLIST_KEY_CFBundleDisplayName = WatchPlay;
				INFOPLIST_KEY_NSContactsUsageDescription = 12;
				INFOPLIST_KEY_UISupportedInterfaceOrientations = "UIInterfaceOrientationPortrait UIInterfaceOrientationPortraitUpsideDown";
				INFOPLIST_KEY_WKCompanionAppBundleIdentifier = "el-machine.Play";
				INFOPLIST_KEY_WKRunsIndependentlyOfCompanionApp = YES;
				LD_RUNPATH_SEARCH_PATHS = (
					"$(inherited)",
					"@executable_path/Frameworks",
				);
				LOCALIZATION_PREFERS_STRING_CATALOGS = YES;
				MARKETING_VERSION = "";
				MTL_ENABLE_DEBUG_INFO = NO;
				MTL_FAST_MATH = YES;
				PRODUCT_BUNDLE_IDENTIFIER = "el-machine.Play.watchkitapp";
				PRODUCT_NAME = "$(TARGET_NAME)";
				SDKROOT = watchos;
				SKIP_INSTALL = YES;
				SWIFT_EMIT_LOC_STRINGS = YES;
				SWIFT_VERSION = 5.0;
				TARGETED_DEVICE_FAMILY = 4;
				TVOS_DEPLOYMENT_TARGET = 14.0;
				VALIDATE_PRODUCT = YES;
				WATCHOS_DEPLOYMENT_TARGET = 7.0;
			};
			name = Release;
		};
		6139664F2BE0F87A004C18A3 /* Debug */ = {
			isa = XCBuildConfiguration;
			buildSettings = {
				ALWAYS_SEARCH_USER_PATHS = NO;
				ASSETCATALOG_COMPILER_GENERATE_SWIFT_ASSET_SYMBOL_EXTENSIONS = YES;
				BUNDLE_LOADER = "$(TEST_HOST)";
				CLANG_ANALYZER_NONNULL = YES;
				CLANG_ANALYZER_NUMBER_OBJECT_CONVERSION = YES_AGGRESSIVE;
				CLANG_CXX_LANGUAGE_STANDARD = "gnu++20";
				CLANG_ENABLE_MODULES = YES;
				CLANG_ENABLE_OBJC_WEAK = YES;
				CLANG_WARN_DIRECT_OBJC_ISA_USAGE = YES_ERROR;
				CLANG_WARN_DOCUMENTATION_COMMENTS = YES;
				CLANG_WARN_OBJC_ROOT_CLASS = YES_ERROR;
				CLANG_WARN_UNGUARDED_AVAILABILITY = YES_AGGRESSIVE;
				CODE_SIGN_STYLE = Automatic;
				CURRENT_PROJECT_VERSION = 657;
				DEVELOPMENT_TEAM = LZSP4Z4B6A;
				ENABLE_USER_SCRIPT_SANDBOXING = YES;
				GCC_C_LANGUAGE_STANDARD = gnu17;
				GCC_DYNAMIC_NO_PIC = NO;
				GCC_PREPROCESSOR_DEFINITIONS = (
					"DEBUG=1",
					"$(inherited)",
				);
				GCC_WARN_ABOUT_RETURN_TYPE = YES_ERROR;
				GCC_WARN_UNINITIALIZED_AUTOS = YES_AGGRESSIVE;
				GENERATE_INFOPLIST_FILE = YES;
				LOCALIZATION_PREFERS_STRING_CATALOGS = YES;
				MARKETING_VERSION = "";
				MTL_ENABLE_DEBUG_INFO = INCLUDE_SOURCE;
				MTL_FAST_MATH = YES;
				PRODUCT_BUNDLE_IDENTIFIER = "el-machine.WatchPlayTests";
				PRODUCT_NAME = "$(TARGET_NAME)";
				SDKROOT = watchos;
				SUPPORTED_PLATFORMS = "watchos watchsimulator";
				SUPPORTS_MACCATALYST = NO;
				SWIFT_ACTIVE_COMPILATION_CONDITIONS = "DEBUG $(inherited)";
				SWIFT_EMIT_LOC_STRINGS = NO;
				SWIFT_VERSION = 5.0;
				TARGETED_DEVICE_FAMILY = 4;
				TEST_HOST = "$(BUILT_PRODUCTS_DIR)/watchPlay.app/watchPlay";
				TVOS_DEPLOYMENT_TARGET = 14.0;
				WATCHOS_DEPLOYMENT_TARGET = 7.0;
			};
			name = Debug;
		};
		613966502BE0F87A004C18A3 /* Release */ = {
			isa = XCBuildConfiguration;
			buildSettings = {
				ALWAYS_SEARCH_USER_PATHS = NO;
				ASSETCATALOG_COMPILER_GENERATE_SWIFT_ASSET_SYMBOL_EXTENSIONS = YES;
				BUNDLE_LOADER = "$(TEST_HOST)";
				CLANG_ANALYZER_NONNULL = YES;
				CLANG_ANALYZER_NUMBER_OBJECT_CONVERSION = YES_AGGRESSIVE;
				CLANG_CXX_LANGUAGE_STANDARD = "gnu++20";
				CLANG_ENABLE_MODULES = YES;
				CLANG_ENABLE_OBJC_WEAK = YES;
				CLANG_WARN_DIRECT_OBJC_ISA_USAGE = YES_ERROR;
				CLANG_WARN_DOCUMENTATION_COMMENTS = YES;
				CLANG_WARN_OBJC_ROOT_CLASS = YES_ERROR;
				CLANG_WARN_UNGUARDED_AVAILABILITY = YES_AGGRESSIVE;
				CODE_SIGN_STYLE = Automatic;
				COPY_PHASE_STRIP = NO;
				CURRENT_PROJECT_VERSION = 657;
				DEVELOPMENT_TEAM = LZSP4Z4B6A;
				ENABLE_NS_ASSERTIONS = NO;
				ENABLE_USER_SCRIPT_SANDBOXING = YES;
				GCC_C_LANGUAGE_STANDARD = gnu17;
				GCC_WARN_ABOUT_RETURN_TYPE = YES_ERROR;
				GCC_WARN_UNINITIALIZED_AUTOS = YES_AGGRESSIVE;
				GENERATE_INFOPLIST_FILE = YES;
				LOCALIZATION_PREFERS_STRING_CATALOGS = YES;
				MARKETING_VERSION = "";
				MTL_ENABLE_DEBUG_INFO = NO;
				MTL_FAST_MATH = YES;
				PRODUCT_BUNDLE_IDENTIFIER = "el-machine.WatchPlayTests";
				PRODUCT_NAME = "$(TARGET_NAME)";
				SDKROOT = watchos;
				SUPPORTED_PLATFORMS = "watchos watchsimulator";
				SUPPORTS_MACCATALYST = NO;
				SWIFT_EMIT_LOC_STRINGS = NO;
				SWIFT_VERSION = 5.0;
				TARGETED_DEVICE_FAMILY = 4;
				TEST_HOST = "$(BUILT_PRODUCTS_DIR)/watchPlay.app/watchPlay";
				TVOS_DEPLOYMENT_TARGET = 14.0;
				VALIDATE_PRODUCT = YES;
				WATCHOS_DEPLOYMENT_TARGET = 7.0;
			};
			name = Release;
		};
		6162625B28BC8E2B00D63EA5 /* Debug */ = {
			isa = XCBuildConfiguration;
			buildSettings = {
				ALWAYS_EMBED_SWIFT_STANDARD_LIBRARIES = YES;
				ALWAYS_SEARCH_USER_PATHS = NO;
				ASSETCATALOG_COMPILER_APPICON_NAME = AppIcon;
				ASSETCATALOG_COMPILER_GLOBAL_ACCENT_COLOR_NAME = AccentColor;
				CLANG_ANALYZER_NONNULL = YES;
				CLANG_ANALYZER_NUMBER_OBJECT_CONVERSION = YES_AGGRESSIVE;
				CLANG_CXX_LANGUAGE_STANDARD = "gnu++17";
				CLANG_ENABLE_MODULES = YES;
				CLANG_ENABLE_OBJC_WEAK = YES;
				CLANG_WARN_BLOCK_CAPTURE_AUTORELEASING = YES;
				CLANG_WARN_BOOL_CONVERSION = YES;
				CLANG_WARN_COMMA = YES;
				CLANG_WARN_CONSTANT_CONVERSION = YES;
				CLANG_WARN_DEPRECATED_OBJC_IMPLEMENTATIONS = YES;
				CLANG_WARN_DIRECT_OBJC_ISA_USAGE = YES_ERROR;
				CLANG_WARN_DOCUMENTATION_COMMENTS = YES;
				CLANG_WARN_EMPTY_BODY = YES;
				CLANG_WARN_ENUM_CONVERSION = YES;
				CLANG_WARN_INFINITE_RECURSION = YES;
				CLANG_WARN_INT_CONVERSION = YES;
				CLANG_WARN_NON_LITERAL_NULL_CONVERSION = YES;
				CLANG_WARN_OBJC_IMPLICIT_RETAIN_SELF = YES;
				CLANG_WARN_OBJC_LITERAL_CONVERSION = YES;
				CLANG_WARN_OBJC_ROOT_CLASS = YES_ERROR;
				CLANG_WARN_QUOTED_INCLUDE_IN_FRAMEWORK_HEADER = YES;
				CLANG_WARN_RANGE_LOOP_ANALYSIS = YES;
				CLANG_WARN_STRICT_PROTOTYPES = YES;
				CLANG_WARN_SUSPICIOUS_MOVE = YES;
				CLANG_WARN_UNGUARDED_AVAILABILITY = YES_AGGRESSIVE;
				CLANG_WARN_UNREACHABLE_CODE = YES;
				CLANG_WARN__DUPLICATE_METHOD_MATCH = YES;
				CODE_SIGN_ENTITLEMENTS = "";
				CODE_SIGN_STYLE = Automatic;
				CURRENT_PROJECT_VERSION = 657;
				DEVELOPMENT_TEAM = LZSP4Z4B6A;
				ENABLE_HARDENED_RUNTIME = NO;
				ENABLE_PREVIEWS = YES;
				ENABLE_STRICT_OBJC_MSGSEND = YES;
				ENABLE_TESTABILITY = YES;
				GCC_C_LANGUAGE_STANDARD = gnu11;
				GCC_DYNAMIC_NO_PIC = NO;
				GCC_NO_COMMON_BLOCKS = YES;
				GCC_PREPROCESSOR_DEFINITIONS = (
					"DEBUG=1",
					"$(inherited)",
				);
				GCC_WARN_64_TO_32_BIT_CONVERSION = YES;
				GCC_WARN_ABOUT_RETURN_TYPE = YES_ERROR;
				GCC_WARN_UNDECLARED_SELECTOR = YES;
				GCC_WARN_UNINITIALIZED_AUTOS = YES_AGGRESSIVE;
				GCC_WARN_UNUSED_FUNCTION = YES;
				GCC_WARN_UNUSED_VARIABLE = YES;
				GENERATE_INFOPLIST_FILE = NO;
				INFOPLIST_FILE = App/info.plist;
				INFOPLIST_KEY_CFBundleDisplayName = Play;
				INFOPLIST_KEY_NSBluetoothAlwaysUsageDescription = "testing 🧑‍💻";
				INFOPLIST_KEY_UIApplicationSceneManifest_Generation = YES;
				INFOPLIST_KEY_UISupportedInterfaceOrientations_iPad = "UIInterfaceOrientationPortrait UIInterfaceOrientationPortraitUpsideDown UIInterfaceOrientationLandscapeLeft UIInterfaceOrientationLandscapeRight";
				INFOPLIST_KEY_UISupportedInterfaceOrientations_iPhone = "UIInterfaceOrientationPortrait UIInterfaceOrientationPortraitUpsideDown UIInterfaceOrientationLandscapeLeft UIInterfaceOrientationLandscapeRight";
				IPHONEOS_DEPLOYMENT_TARGET = 14.0;
				LD_RUNPATH_SEARCH_PATHS = (
					"$(inherited)",
					"@executable_path/Frameworks",
				);
				MACOSX_DEPLOYMENT_TARGET = 12.0;
				MARKETING_VERSION = "";
				MTL_ENABLE_DEBUG_INFO = INCLUDE_SOURCE;
				MTL_FAST_MATH = YES;
				PRODUCT_BUNDLE_IDENTIFIER = "el-machine.Play";
				PRODUCT_NAME = Play;
				SDKROOT = iphoneos;
				SUPPORTED_PLATFORMS = "appletvos appletvsimulator iphoneos iphonesimulator macosx watchos watchsimulator xros xrsimulator";
				SUPPORTS_MACCATALYST = NO;
				SUPPORTS_MAC_DESIGNED_FOR_IPHONE_IPAD = NO;
				SUPPORTS_XR_DESIGNED_FOR_IPHONE_IPAD = NO;
				SWIFT_ACTIVE_COMPILATION_CONDITIONS = DEBUG;
				SWIFT_EMIT_LOC_STRINGS = YES;
				SWIFT_VERSION = 5.0;
				TARGETED_DEVICE_FAMILY = "1,2,3,4,5,6,7";
				TVOS_DEPLOYMENT_TARGET = 14.0;
			};
			name = Debug;
		};
		6162625C28BC8E2B00D63EA5 /* Release */ = {
			isa = XCBuildConfiguration;
			buildSettings = {
				ALWAYS_EMBED_SWIFT_STANDARD_LIBRARIES = YES;
				ALWAYS_SEARCH_USER_PATHS = NO;
				ASSETCATALOG_COMPILER_APPICON_NAME = AppIcon;
				ASSETCATALOG_COMPILER_GLOBAL_ACCENT_COLOR_NAME = AccentColor;
				CLANG_ANALYZER_NONNULL = YES;
				CLANG_ANALYZER_NUMBER_OBJECT_CONVERSION = YES_AGGRESSIVE;
				CLANG_CXX_LANGUAGE_STANDARD = "gnu++17";
				CLANG_ENABLE_MODULES = YES;
				CLANG_ENABLE_OBJC_WEAK = YES;
				CLANG_WARN_BLOCK_CAPTURE_AUTORELEASING = YES;
				CLANG_WARN_BOOL_CONVERSION = YES;
				CLANG_WARN_COMMA = YES;
				CLANG_WARN_CONSTANT_CONVERSION = YES;
				CLANG_WARN_DEPRECATED_OBJC_IMPLEMENTATIONS = YES;
				CLANG_WARN_DIRECT_OBJC_ISA_USAGE = YES_ERROR;
				CLANG_WARN_DOCUMENTATION_COMMENTS = YES;
				CLANG_WARN_EMPTY_BODY = YES;
				CLANG_WARN_ENUM_CONVERSION = YES;
				CLANG_WARN_INFINITE_RECURSION = YES;
				CLANG_WARN_INT_CONVERSION = YES;
				CLANG_WARN_NON_LITERAL_NULL_CONVERSION = YES;
				CLANG_WARN_OBJC_IMPLICIT_RETAIN_SELF = YES;
				CLANG_WARN_OBJC_LITERAL_CONVERSION = YES;
				CLANG_WARN_OBJC_ROOT_CLASS = YES_ERROR;
				CLANG_WARN_QUOTED_INCLUDE_IN_FRAMEWORK_HEADER = YES;
				CLANG_WARN_RANGE_LOOP_ANALYSIS = YES;
				CLANG_WARN_STRICT_PROTOTYPES = YES;
				CLANG_WARN_SUSPICIOUS_MOVE = YES;
				CLANG_WARN_UNGUARDED_AVAILABILITY = YES_AGGRESSIVE;
				CLANG_WARN_UNREACHABLE_CODE = YES;
				CLANG_WARN__DUPLICATE_METHOD_MATCH = YES;
				CODE_SIGN_ENTITLEMENTS = "";
				CODE_SIGN_STYLE = Automatic;
				COPY_PHASE_STRIP = NO;
				CURRENT_PROJECT_VERSION = 657;
				DEVELOPMENT_TEAM = LZSP4Z4B6A;
				ENABLE_HARDENED_RUNTIME = NO;
				ENABLE_NS_ASSERTIONS = NO;
				ENABLE_PREVIEWS = YES;
				ENABLE_STRICT_OBJC_MSGSEND = YES;
				GCC_C_LANGUAGE_STANDARD = gnu11;
				GCC_NO_COMMON_BLOCKS = YES;
				GCC_WARN_64_TO_32_BIT_CONVERSION = YES;
				GCC_WARN_ABOUT_RETURN_TYPE = YES_ERROR;
				GCC_WARN_UNDECLARED_SELECTOR = YES;
				GCC_WARN_UNINITIALIZED_AUTOS = YES_AGGRESSIVE;
				GCC_WARN_UNUSED_FUNCTION = YES;
				GCC_WARN_UNUSED_VARIABLE = YES;
				GENERATE_INFOPLIST_FILE = NO;
				INFOPLIST_FILE = App/info.plist;
				INFOPLIST_KEY_CFBundleDisplayName = Play;
				INFOPLIST_KEY_NSBluetoothAlwaysUsageDescription = "testing 🧑‍💻";
				INFOPLIST_KEY_UIApplicationSceneManifest_Generation = YES;
				INFOPLIST_KEY_UISupportedInterfaceOrientations_iPad = "UIInterfaceOrientationPortrait UIInterfaceOrientationPortraitUpsideDown UIInterfaceOrientationLandscapeLeft UIInterfaceOrientationLandscapeRight";
				INFOPLIST_KEY_UISupportedInterfaceOrientations_iPhone = "UIInterfaceOrientationPortrait UIInterfaceOrientationPortraitUpsideDown UIInterfaceOrientationLandscapeLeft UIInterfaceOrientationLandscapeRight";
				IPHONEOS_DEPLOYMENT_TARGET = 14.0;
				LD_RUNPATH_SEARCH_PATHS = (
					"$(inherited)",
					"@executable_path/Frameworks",
				);
				MACOSX_DEPLOYMENT_TARGET = 12.0;
				MARKETING_VERSION = "";
				MTL_ENABLE_DEBUG_INFO = NO;
				MTL_FAST_MATH = YES;
				PRODUCT_BUNDLE_IDENTIFIER = "el-machine.Play";
				PRODUCT_NAME = Play;
				SDKROOT = iphoneos;
				SUPPORTED_PLATFORMS = "appletvos appletvsimulator iphoneos iphonesimulator macosx watchos watchsimulator xros xrsimulator";
				SUPPORTS_MACCATALYST = NO;
				SUPPORTS_MAC_DESIGNED_FOR_IPHONE_IPAD = NO;
				SUPPORTS_XR_DESIGNED_FOR_IPHONE_IPAD = NO;
				SWIFT_EMIT_LOC_STRINGS = YES;
				SWIFT_VERSION = 5.0;
				TARGETED_DEVICE_FAMILY = "1,2,3,4,5,6,7";
				TVOS_DEPLOYMENT_TARGET = 14.0;
				VALIDATE_PRODUCT = YES;
			};
			name = Release;
		};
		OBJ_146 /* Debug */ = {
			isa = XCBuildConfiguration;
			buildSettings = {
				ASSETCATALOG_COMPILER_GENERATE_ASSET_SYMBOLS = YES;
				CODE_SIGN_IDENTITY = "";
				CURRENT_PROJECT_VERSION = 657;
				DEAD_CODE_STRIPPING = YES;
				DEVELOPMENT_TEAM = LZSP4Z4B6A;
				DRIVERKIT_DEPLOYMENT_TARGET = 20.0;
				ENABLE_TESTABILITY = YES;
				FRAMEWORK_SEARCH_PATHS = (
					"$(inherited)",
					"$(PLATFORM_DIR)/Developer/Library/Frameworks",
				);
				HEADER_SEARCH_PATHS = "$(inherited)";
				INFOPLIST_FILE = info.plist;
				IPHONEOS_DEPLOYMENT_TARGET = 14.0;
				LD_RUNPATH_SEARCH_PATHS = (
					"$(inherited)",
					"$(TOOLCHAIN_DIR)/usr/lib/swift/macosx",
				);
				MACOSX_DEPLOYMENT_TARGET = 12.0;
				MARKETING_VERSION = 1.1.1;
				OTHER_CFLAGS = "$(inherited)";
				OTHER_LDFLAGS = "$(inherited)";
				OTHER_SWIFT_FLAGS = "$(inherited)";
				PRODUCT_BUNDLE_IDENTIFIER = Wand;
				PRODUCT_MODULE_NAME = "$(TARGET_NAME:c99extidentifier)";
				PRODUCT_NAME = "$(TARGET_NAME:c99extidentifier)";
				SKIP_INSTALL = YES;
				SUPPORTED_PLATFORMS = "$(AVAILABLE_PLATFORMS)";
				SUPPORTS_MACCATALYST = YES;
				SUPPORTS_MAC_DESIGNED_FOR_IPHONE_IPAD = YES;
				SUPPORTS_XR_DESIGNED_FOR_IPHONE_IPAD = YES;
				SWIFT_ACTIVE_COMPILATION_CONDITIONS = "$(inherited)";
				SWIFT_VERSION = 5.0;
				TARGETED_DEVICE_FAMILY = "1,2,3,4,5,6,7";
				TARGET_NAME = Wand;
				TVOS_DEPLOYMENT_TARGET = 14.0;
				WATCHOS_DEPLOYMENT_TARGET = 7.0;
				XROS_DEPLOYMENT_TARGET = 1.0;
			};
			name = Debug;
		};
		OBJ_147 /* Release */ = {
			isa = XCBuildConfiguration;
			buildSettings = {
				ASSETCATALOG_COMPILER_GENERATE_ASSET_SYMBOLS = YES;
				CODE_SIGN_IDENTITY = "";
				CURRENT_PROJECT_VERSION = 657;
				DEAD_CODE_STRIPPING = YES;
				DEVELOPMENT_TEAM = LZSP4Z4B6A;
				DRIVERKIT_DEPLOYMENT_TARGET = 20.0;
				ENABLE_TESTABILITY = YES;
				FRAMEWORK_SEARCH_PATHS = (
					"$(inherited)",
					"$(PLATFORM_DIR)/Developer/Library/Frameworks",
				);
				HEADER_SEARCH_PATHS = "$(inherited)";
				INFOPLIST_FILE = info.plist;
				IPHONEOS_DEPLOYMENT_TARGET = 14.0;
				LD_RUNPATH_SEARCH_PATHS = (
					"$(inherited)",
					"$(TOOLCHAIN_DIR)/usr/lib/swift/macosx",
				);
				MACOSX_DEPLOYMENT_TARGET = 12.0;
				MARKETING_VERSION = 1.1.1;
				OTHER_CFLAGS = "$(inherited)";
				OTHER_LDFLAGS = "$(inherited)";
				OTHER_SWIFT_FLAGS = "$(inherited)";
				PRODUCT_BUNDLE_IDENTIFIER = Wand;
				PRODUCT_MODULE_NAME = "$(TARGET_NAME:c99extidentifier)";
				PRODUCT_NAME = "$(TARGET_NAME:c99extidentifier)";
				SKIP_INSTALL = YES;
				SUPPORTED_PLATFORMS = "$(AVAILABLE_PLATFORMS)";
				SUPPORTS_MACCATALYST = YES;
				SUPPORTS_MAC_DESIGNED_FOR_IPHONE_IPAD = YES;
				SUPPORTS_XR_DESIGNED_FOR_IPHONE_IPAD = YES;
				SWIFT_ACTIVE_COMPILATION_CONDITIONS = "$(inherited)";
				SWIFT_VERSION = 5.0;
				TARGETED_DEVICE_FAMILY = "1,2,3,4,5,6,7";
				TARGET_NAME = Wand;
				TVOS_DEPLOYMENT_TARGET = 14.0;
				WATCHOS_DEPLOYMENT_TARGET = 7.0;
				XROS_DEPLOYMENT_TARGET = 1.0;
			};
			name = Release;
		};
		OBJ_228 /* Debug */ = {
			isa = XCBuildConfiguration;
			buildSettings = {
				ALWAYS_EMBED_SWIFT_STANDARD_LIBRARIES = YES;
				CLANG_ENABLE_MODULES = YES;
				CODE_SIGN_IDENTITY = "Apple Development";
				CODE_SIGN_STYLE = Automatic;
				CURRENT_PROJECT_VERSION = 657;
				DEAD_CODE_STRIPPING = YES;
				DEVELOPMENT_TEAM = LZSP4Z4B6A;
				DRIVERKIT_DEPLOYMENT_TARGET = 20.0;
				FRAMEWORK_SEARCH_PATHS = (
					"$(inherited)",
					"$(PLATFORM_DIR)/Developer/Library/Frameworks",
				);
				GENERATE_INFOPLIST_FILE = YES;
				HEADER_SEARCH_PATHS = "$(inherited)";
				IPHONEOS_DEPLOYMENT_TARGET = 14.0;
				LD_RUNPATH_SEARCH_PATHS = (
					"$(inherited)",
					"@loader_path/../Frameworks",
					"@loader_path/Frameworks",
				);
				MACOSX_DEPLOYMENT_TARGET = 12.0;
				OTHER_CFLAGS = "$(inherited)";
				OTHER_LDFLAGS = "$(inherited)";
				OTHER_SWIFT_FLAGS = "$(inherited)";
				PRODUCT_NAME = WandTests;
				PROVISIONING_PROFILE_SPECIFIER = "";
				"PROVISIONING_PROFILE_SPECIFIER[sdk=macosx*]" = "";
				SUPPORTED_PLATFORMS = "appletvos appletvsimulator driverkit iphoneos iphonesimulator macosx xros xrsimulator";
				SUPPORTS_MACCATALYST = YES;
				SUPPORTS_MAC_DESIGNED_FOR_IPHONE_IPAD = YES;
				SUPPORTS_XR_DESIGNED_FOR_IPHONE_IPAD = YES;
				SWIFT_ACTIVE_COMPILATION_CONDITIONS = "$(inherited)";
				SWIFT_OBJC_BRIDGING_HEADER = "";
				SWIFT_OPTIMIZATION_LEVEL = "-Onone";
				SWIFT_VERSION = 5.0;
				TARGETED_DEVICE_FAMILY = "1,2,3,5,6,7";
				TARGET_NAME = PipeTests;
				TEST_HOST = "";
				"TEST_HOST[sdk=*]" = "$(BUILT_PRODUCTS_DIR)/Play.app/Play";
				"TEST_HOST[sdk=macosx*]" = "$(BUILT_PRODUCTS_DIR)/Play.app/Contents/MacOS/Play";
				"TEST_HOST[sdk=watchos*]" = "$(BUILT_PRODUCTS_DIR)/watchPlay.app/watchPlay";
				TVOS_DEPLOYMENT_TARGET = 14.0;
				WATCHOS_DEPLOYMENT_TARGET = 7.0;
			};
			name = Debug;
		};
		OBJ_229 /* Release */ = {
			isa = XCBuildConfiguration;
			buildSettings = {
				ALWAYS_EMBED_SWIFT_STANDARD_LIBRARIES = YES;
				CLANG_ENABLE_MODULES = YES;
				CODE_SIGN_IDENTITY = "Apple Development";
				CODE_SIGN_STYLE = Automatic;
				CURRENT_PROJECT_VERSION = 657;
				DEAD_CODE_STRIPPING = YES;
				DEVELOPMENT_TEAM = LZSP4Z4B6A;
				DRIVERKIT_DEPLOYMENT_TARGET = 20.0;
				FRAMEWORK_SEARCH_PATHS = (
					"$(inherited)",
					"$(PLATFORM_DIR)/Developer/Library/Frameworks",
				);
				GENERATE_INFOPLIST_FILE = YES;
				HEADER_SEARCH_PATHS = "$(inherited)";
				IPHONEOS_DEPLOYMENT_TARGET = 14.0;
				LD_RUNPATH_SEARCH_PATHS = (
					"$(inherited)",
					"@loader_path/../Frameworks",
					"@loader_path/Frameworks",
				);
				MACOSX_DEPLOYMENT_TARGET = 12.0;
				OTHER_CFLAGS = "$(inherited)";
				OTHER_LDFLAGS = "$(inherited)";
				OTHER_SWIFT_FLAGS = "$(inherited)";
				PRODUCT_NAME = WandTests;
				PROVISIONING_PROFILE_SPECIFIER = "";
				"PROVISIONING_PROFILE_SPECIFIER[sdk=macosx*]" = "";
				SUPPORTED_PLATFORMS = "appletvos appletvsimulator driverkit iphoneos iphonesimulator macosx xros xrsimulator";
				SUPPORTS_MACCATALYST = YES;
				SUPPORTS_MAC_DESIGNED_FOR_IPHONE_IPAD = YES;
				SUPPORTS_XR_DESIGNED_FOR_IPHONE_IPAD = YES;
				SWIFT_ACTIVE_COMPILATION_CONDITIONS = "$(inherited)";
				SWIFT_OBJC_BRIDGING_HEADER = "";
				SWIFT_VERSION = 5.0;
				TARGETED_DEVICE_FAMILY = "1,2,3,5,6,7";
				TARGET_NAME = PipeTests;
				TEST_HOST = "";
				"TEST_HOST[sdk=*]" = "$(BUILT_PRODUCTS_DIR)/Play.app/Play";
				"TEST_HOST[sdk=macosx*]" = "$(BUILT_PRODUCTS_DIR)/Play.app/Contents/MacOS/Play";
				"TEST_HOST[sdk=watchos*]" = "$(BUILT_PRODUCTS_DIR)/watchPlay.app/watchPlay";
				TVOS_DEPLOYMENT_TARGET = 14.0;
				WATCHOS_DEPLOYMENT_TARGET = 7.0;
			};
			name = Release;
		};
		OBJ_3 /* Debug */ = {
			isa = XCBuildConfiguration;
			buildSettings = {
				ASSETCATALOG_COMPILER_GENERATE_SWIFT_ASSET_SYMBOL_EXTENSIONS = NO;
				CLANG_ENABLE_OBJC_ARC = YES;
				CLANG_WARN_BLOCK_CAPTURE_AUTORELEASING = YES;
				CLANG_WARN_BOOL_CONVERSION = YES;
				CLANG_WARN_COMMA = YES;
				CLANG_WARN_CONSTANT_CONVERSION = YES;
				CLANG_WARN_DEPRECATED_OBJC_IMPLEMENTATIONS = YES;
				CLANG_WARN_EMPTY_BODY = YES;
				CLANG_WARN_ENUM_CONVERSION = YES;
				CLANG_WARN_INFINITE_RECURSION = YES;
				CLANG_WARN_INT_CONVERSION = YES;
				CLANG_WARN_NON_LITERAL_NULL_CONVERSION = YES;
				CLANG_WARN_OBJC_IMPLICIT_RETAIN_SELF = YES;
				CLANG_WARN_OBJC_LITERAL_CONVERSION = YES;
				CLANG_WARN_QUOTED_INCLUDE_IN_FRAMEWORK_HEADER = YES;
				CLANG_WARN_RANGE_LOOP_ANALYSIS = YES;
				CLANG_WARN_STRICT_PROTOTYPES = YES;
				CLANG_WARN_SUSPICIOUS_MOVE = YES;
				CLANG_WARN_UNREACHABLE_CODE = YES;
				CLANG_WARN__DUPLICATE_METHOD_MATCH = YES;
				COMBINE_HIDPI_IMAGES = YES;
				COPY_PHASE_STRIP = NO;
				DEAD_CODE_STRIPPING = YES;
				DEBUG_INFORMATION_FORMAT = dwarf;
				DRIVERKIT_DEPLOYMENT_TARGET = 20.0;
				DYLIB_INSTALL_NAME_BASE = "@rpath";
				ENABLE_NS_ASSERTIONS = YES;
				ENABLE_STRICT_OBJC_MSGSEND = YES;
				ENABLE_TESTABILITY = YES;
				GCC_NO_COMMON_BLOCKS = YES;
				GCC_OPTIMIZATION_LEVEL = 0;
				GCC_PREPROCESSOR_DEFINITIONS = (
					"$(inherited)",
					"SWIFT_PACKAGE=1",
					"DEBUG=1",
				);
				GCC_WARN_64_TO_32_BIT_CONVERSION = YES;
				GCC_WARN_ABOUT_RETURN_TYPE = YES;
				GCC_WARN_UNDECLARED_SELECTOR = YES;
				GCC_WARN_UNINITIALIZED_AUTOS = YES;
				GCC_WARN_UNUSED_FUNCTION = YES;
				GCC_WARN_UNUSED_VARIABLE = YES;
				INFOPLIST_KEY_CFBundleDisplayName = Wand;
				IPHONEOS_DEPLOYMENT_TARGET = 14.0;
				MACOSX_DEPLOYMENT_TARGET = 12.0;
				ONLY_ACTIVE_ARCH = YES;
				OTHER_SWIFT_FLAGS = "$(inherited) -DXcode";
				PRODUCT_NAME = "$(TARGET_NAME)";
				SDKROOT = macosx;
				SUPPORTED_PLATFORMS = "$(AVAILABLE_PLATFORMS)";
				SUPPORTS_MACCATALYST = YES;
				SWIFT_ACTIVE_COMPILATION_CONDITIONS = "$(inherited) SWIFT_PACKAGE DEBUG";
				SWIFT_OPTIMIZATION_LEVEL = "-Onone";
				TARGETED_DEVICE_FAMILY = "1,2,3,4,6,7";
				TVOS_DEPLOYMENT_TARGET = 14.0;
				USE_HEADERMAP = NO;
				WATCHOS_DEPLOYMENT_TARGET = 7.0;
				XROS_DEPLOYMENT_TARGET = 1.0;
			};
			name = Debug;
		};
		OBJ_4 /* Release */ = {
			isa = XCBuildConfiguration;
			buildSettings = {
				ASSETCATALOG_COMPILER_GENERATE_SWIFT_ASSET_SYMBOL_EXTENSIONS = NO;
				CLANG_ENABLE_OBJC_ARC = YES;
				CLANG_WARN_BLOCK_CAPTURE_AUTORELEASING = YES;
				CLANG_WARN_BOOL_CONVERSION = YES;
				CLANG_WARN_COMMA = YES;
				CLANG_WARN_CONSTANT_CONVERSION = YES;
				CLANG_WARN_DEPRECATED_OBJC_IMPLEMENTATIONS = YES;
				CLANG_WARN_EMPTY_BODY = YES;
				CLANG_WARN_ENUM_CONVERSION = YES;
				CLANG_WARN_INFINITE_RECURSION = YES;
				CLANG_WARN_INT_CONVERSION = YES;
				CLANG_WARN_NON_LITERAL_NULL_CONVERSION = YES;
				CLANG_WARN_OBJC_IMPLICIT_RETAIN_SELF = YES;
				CLANG_WARN_OBJC_LITERAL_CONVERSION = YES;
				CLANG_WARN_QUOTED_INCLUDE_IN_FRAMEWORK_HEADER = YES;
				CLANG_WARN_RANGE_LOOP_ANALYSIS = YES;
				CLANG_WARN_STRICT_PROTOTYPES = YES;
				CLANG_WARN_SUSPICIOUS_MOVE = YES;
				CLANG_WARN_UNREACHABLE_CODE = YES;
				CLANG_WARN__DUPLICATE_METHOD_MATCH = YES;
				COMBINE_HIDPI_IMAGES = YES;
				COPY_PHASE_STRIP = YES;
				DEAD_CODE_STRIPPING = YES;
				DEBUG_INFORMATION_FORMAT = "dwarf-with-dsym";
				DRIVERKIT_DEPLOYMENT_TARGET = 20.0;
				DYLIB_INSTALL_NAME_BASE = "@rpath";
				ENABLE_STRICT_OBJC_MSGSEND = YES;
				GCC_NO_COMMON_BLOCKS = YES;
				GCC_OPTIMIZATION_LEVEL = s;
				GCC_PREPROCESSOR_DEFINITIONS = (
					"$(inherited)",
					"SWIFT_PACKAGE=1",
				);
				GCC_WARN_64_TO_32_BIT_CONVERSION = YES;
				GCC_WARN_ABOUT_RETURN_TYPE = YES;
				GCC_WARN_UNDECLARED_SELECTOR = YES;
				GCC_WARN_UNINITIALIZED_AUTOS = YES;
				GCC_WARN_UNUSED_FUNCTION = YES;
				GCC_WARN_UNUSED_VARIABLE = YES;
				INFOPLIST_KEY_CFBundleDisplayName = Wand;
				IPHONEOS_DEPLOYMENT_TARGET = 14.0;
				MACOSX_DEPLOYMENT_TARGET = 12.0;
				OTHER_SWIFT_FLAGS = "$(inherited) -DXcode";
				PRODUCT_NAME = "$(TARGET_NAME)";
				SDKROOT = macosx;
				SUPPORTED_PLATFORMS = "$(AVAILABLE_PLATFORMS)";
				SUPPORTS_MACCATALYST = YES;
				SWIFT_ACTIVE_COMPILATION_CONDITIONS = "$(inherited) SWIFT_PACKAGE";
				SWIFT_COMPILATION_MODE = wholemodule;
				SWIFT_OPTIMIZATION_LEVEL = "-O";
				TARGETED_DEVICE_FAMILY = "1,2,3,4,6,7";
				TVOS_DEPLOYMENT_TARGET = 14.0;
				USE_HEADERMAP = NO;
				WATCHOS_DEPLOYMENT_TARGET = 7.0;
				XROS_DEPLOYMENT_TARGET = 1.0;
			};
			name = Release;
		};
/* End XCBuildConfiguration section */

/* Begin XCConfigurationList section */
		613966262BE0F4F0004C18A3 /* Build configuration list for PBXNativeTarget "watchPlay" */ = {
			isa = XCConfigurationList;
			buildConfigurations = (
				613966242BE0F4F0004C18A3 /* Debug */,
				613966252BE0F4F0004C18A3 /* Release */,
			);
			defaultConfigurationIsVisible = 0;
			defaultConfigurationName = Release;
		};
		6139664E2BE0F87A004C18A3 /* Build configuration list for PBXNativeTarget "watchPlayTests" */ = {
			isa = XCConfigurationList;
			buildConfigurations = (
				6139664F2BE0F87A004C18A3 /* Debug */,
				613966502BE0F87A004C18A3 /* Release */,
			);
			defaultConfigurationIsVisible = 0;
			defaultConfigurationName = Release;
		};
		6162625A28BC8E2B00D63EA5 /* Build configuration list for PBXNativeTarget "Play" */ = {
			isa = XCConfigurationList;
			buildConfigurations = (
				6162625B28BC8E2B00D63EA5 /* Debug */,
				6162625C28BC8E2B00D63EA5 /* Release */,
			);
			defaultConfigurationIsVisible = 0;
			defaultConfigurationName = Release;
		};
		OBJ_145 /* Build configuration list for PBXNativeTarget "Wand" */ = {
			isa = XCConfigurationList;
			buildConfigurations = (
				OBJ_146 /* Debug */,
				OBJ_147 /* Release */,
			);
			defaultConfigurationIsVisible = 0;
			defaultConfigurationName = Release;
		};
		OBJ_2 /* Build configuration list for PBXProject "Wand" */ = {
			isa = XCConfigurationList;
			buildConfigurations = (
				OBJ_3 /* Debug */,
				OBJ_4 /* Release */,
			);
			defaultConfigurationIsVisible = 0;
			defaultConfigurationName = Release;
		};
		OBJ_227 /* Build configuration list for PBXNativeTarget "wandTests" */ = {
			isa = XCConfigurationList;
			buildConfigurations = (
				OBJ_228 /* Debug */,
				OBJ_229 /* Release */,
			);
			defaultConfigurationIsVisible = 0;
			defaultConfigurationName = Release;
		};
/* End XCConfigurationList section */

/* Begin XCRemoteSwiftPackageReference section */
		612EA7862C007C4200F193DC /* XCRemoteSwiftPackageReference "Any" */ = {
			isa = XCRemoteSwiftPackageReference;
			repositoryURL = "https://github.com/el-machine/Any.git";
			requirement = {
				kind = upToNextMajorVersion;
				minimumVersion = 1.0.0;
			};
		};
/* End XCRemoteSwiftPackageReference section */

/* Begin XCSwiftPackageProductDependency section */
		612EA7872C007C4200F193DC /* Any_ */ = {
			isa = XCSwiftPackageProductDependency;
			package = 612EA7862C007C4200F193DC /* XCRemoteSwiftPackageReference "Any" */;
			productName = Any_;
		};
/* End XCSwiftPackageProductDependency section */
	};
	rootObject = OBJ_1 /* Project object */;
}
